
Microsoft Visual Studio Solution File, Format Version 12.00
# Visual Studio 2013
VisualStudioVersion = 12.0.30723.0
MinimumVisualStudioVersion = 10.0.40219.1
Project("{FAE04EC0-301F-11D3-BF4B-00C04F79EFBC}") = "Cognite.Arb.Web", "projects\Cognite.Arb.Web\Cognite.Arb.Web.csproj", "{7604AAC2-E03C-4560-8398-1EF45F8C0217}"
EndProject
Project("{2150E333-8FDC-42A3-9474-1A3956D46DE8}") = "Client", "Client", "{BA2E69E8-9F77-47AA-94D3-95A012705AA5}"
EndProject
Project("{2150E333-8FDC-42A3-9474-1A3956D46DE8}") = "WebApi", "WebApi", "{005E0051-91A1-420F-89EA-AF13B2EED285}"
EndProject
Project("{FAE04EC0-301F-11D3-BF4B-00C04F79EFBC}") = "Cognite.Arb.WebApi.Business", "Projects\Cognite.Arb.Server.Business\Cognite.Arb.WebApi.Business.csproj", "{416F2852-B2D0-4CB2-B49F-133B5E36E684}"
EndProject
Project("{FAE04EC0-301F-11D3-BF4B-00C04F79EFBC}") = "Cognite.Arb.Web.ServiceClient", "Projects\Cognite.Arb.Web.ServiceClient\Cognite.Arb.Web.ServiceClient.csproj", "{E6929347-361D-4C9C-8AEA-2D0EC2A3140A}"
EndProject
Project("{2150E333-8FDC-42A3-9474-1A3956D46DE8}") = "Tests", "Tests", "{3DB8037B-A62E-4872-8391-F85A9633E587}"
EndProject
Project("{FAE04EC0-301F-11D3-BF4B-00C04F79EFBC}") = "Cognite.Server.Business.Tests", "Projects\Cognite.Server.Business.Tests\Cognite.Server.Business.Tests.csproj", "{E1742D79-0A7B-47A1-B095-D77B4A008EE4}"
EndProject
Project("{FAE04EC0-301F-11D3-BF4B-00C04F79EFBC}") = "Cognite.Arb.Web.ServiceClient.Tests", "Projects\Cognite.Arb.Web.ServiceClient.Tests\Cognite.Arb.Web.ServiceClient.Tests.csproj", "{186C762D-20FD-40E0-ABA9-2F24D424ECD8}"
EndProject
Project("{FAE04EC0-301F-11D3-BF4B-00C04F79EFBC}") = "Cognite.Arb.WebApi.Contract", "Projects\Cognite.Arb.Server.Contract\Cognite.Arb.WebApi.Contract.csproj", "{FF88BFF3-5448-49C0-880F-1EAFF1CF67DE}"
EndProject
Project("{FAE04EC0-301F-11D3-BF4B-00C04F79EFBC}") = "Cognite.Arb.WebApi.Business.Mailing", "Projects\Cognite.Arb.Server.Business.Mailing\Cognite.Arb.WebApi.Business.Mailing.csproj", "{D2F11401-B187-4511-8BFF-3C40C8161C39}"
EndProject
Project("{FAE04EC0-301F-11D3-BF4B-00C04F79EFBC}") = "Cognite.Arb.WebApi.Resource.Database", "Projects\Cognite.Arb.Server.Resource.Database\Cognite.Arb.WebApi.Resource.Database.csproj", "{7672A791-9868-4370-B43C-46EAF498EC2A}"
EndProject
Project("{2150E333-8FDC-42A3-9474-1A3956D46DE8}") = "Service", "Service", "{995DD9D4-3B1E-4342-8F8E-1A9D838CFFD9}"
EndProject
Project("{2150E333-8FDC-42A3-9474-1A3956D46DE8}") = "Business", "Business", "{524843DA-FFA1-412C-A5B8-B106D0B2F017}"
EndProject
Project("{2150E333-8FDC-42A3-9474-1A3956D46DE8}") = "Resource", "Resource", "{DE041629-C8CC-43CC-B994-8403C88B23A1}"
EndProject
Project("{FAE04EC0-301F-11D3-BF4B-00C04F79EFBC}") = "Cognite.Arb.WebApi.Resource.MailSender", "Projects\Cognite.Arb.Server.Resource.MailSender\Cognite.Arb.WebApi.Resource.MailSender.csproj", "{498A293C-11BC-407D-9E3D-A59BE786B887}"
EndProject
Project("{FAE04EC0-301F-11D3-BF4B-00C04F79EFBC}") = "Cognite.Arb.Server.Resouce.MailSender.Tests", "Projects\Cognite.Arb.Server.Resouce.MailSender.Tests\Cognite.Arb.Server.Resouce.MailSender.Tests.csproj", "{819C4C03-0751-4904-BFCE-4EDB431E4E41}"
EndProject
Project("{FAE04EC0-301F-11D3-BF4B-00C04F79EFBC}") = "Cognite.Arb.WebApi.Service.Security", "Projects\Cognite.Arb.Server.WebApi.Security\Cognite.Arb.WebApi.Service.Security.csproj", "{693F4D2D-F00C-4A9E-A3D3-1CA36F0A4FF9}"
EndProject
Project("{FAE04EC0-301F-11D3-BF4B-00C04F79EFBC}") = "Cognite.Arb.WebApi.Service.ExceptionHandling", "Projects\Cognite.Arb.Server.WebApi.ExceptionHandling\Cognite.Arb.WebApi.Service.ExceptionHandling.csproj", "{899A31C3-7F76-4F30-A253-88162BCA25FE}"
EndProject
Project("{FAE04EC0-301F-11D3-BF4B-00C04F79EFBC}") = "Cognite.Arb.WebApi.Service", "Projects\Cognite.Arb.Server.WebApi\Cognite.Arb.WebApi.Service.csproj", "{BFD7921F-A80A-407D-BBF7-F8909D5256AF}"
EndProject
Project("{2150E333-8FDC-42A3-9474-1A3956D46DE8}") = "Setup", "Setup", "{D5E14C95-A743-41B5-9171-10108349ECD6}"
EndProject
Project("{2150E333-8FDC-42A3-9474-1A3956D46DE8}") = "Integration", "Integration", "{770BD9F0-FEA9-498C-B3AB-2CAD05117A7F}"
EndProject
Project("{2150E333-8FDC-42A3-9474-1A3956D46DE8}") = "Publishing", "Publishing", "{345D250F-EBDF-40B1-8768-D012153E83A9}"
	ProjectSection(SolutionItems) = preProject
		publishing\CogniteWeb.xml = publishing\CogniteWeb.xml
		publishing\CogniteWebApi.xml = publishing\CogniteWebApi.xml
	EndProjectSection
EndProject
Project("{2150E333-8FDC-42A3-9474-1A3956D46DE8}") = ".nuget", ".nuget", "{6EA716D5-3D4B-42E2-8082-2F3738F2239A}"
	ProjectSection(SolutionItems) = preProject
		.nuget\NuGet.Config = .nuget\NuGet.Config
		.nuget\NuGet.exe = .nuget\NuGet.exe
		.nuget\NuGet.targets = .nuget\NuGet.targets
	EndProjectSection
EndProject
Project("{FAE04EC0-301F-11D3-BF4B-00C04F79EFBC}") = "Cognite.Arb.Integration.Business", "Projects\Cognite.Arb.Integration.Business\Cognite.Arb.Integration.Business.csproj", "{A4B3FE63-5F4F-4422-A034-8FC2704B6A53}"
EndProject
Project("{FAE04EC0-301F-11D3-BF4B-00C04F79EFBC}") = "Cognite.Arb.Integration.Resource.WebApi", "Projects\Cognite.Arb.Integration.Resource.WebApi\Cognite.Arb.Integration.Resource.WebApi.csproj", "{6CF21DD2-10FC-464E-BA43-3BBAFD7E987E}"
EndProject
Project("{FAE04EC0-301F-11D3-BF4B-00C04F79EFBC}") = "Cognite.Arb.Integration.Resource.ExternalDatabase", "Projects\Cognite.Arb.Integration.Resource.ExternalDatabase\Cognite.Arb.Integration.Resource.ExternalDatabase.csproj", "{03BB2B46-0A36-4A3B-94E7-63B7FF2910C6}"
EndProject
Project("{FAE04EC0-301F-11D3-BF4B-00C04F79EFBC}") = "Cognite.Arb.Integration.ServiceHost", "Projects\Cognite.Arb.Integration.ServiceHost\Cognite.Arb.Integration.ServiceHost.csproj", "{A6F4397E-1C16-4CFA-B089-B054FF6285ED}"
EndProject
Project("{2150E333-8FDC-42A3-9474-1A3956D46DE8}") = "SecurityTokenService", "SecurityTokenService", "{E2298FEF-7F5C-4658-8CEE-521D93BCA926}"
EndProject
Project("{FAE04EC0-301F-11D3-BF4B-00C04F79EFBC}") = "Cognite.Arb.Sts.Business", "Projects\Cognite.Arb.Sts.Business\Cognite.Arb.Sts.Business.csproj", "{D3000924-6685-44F3-AA83-942ED5339652}"
EndProject
Project("{FAE04EC0-301F-11D3-BF4B-00C04F79EFBC}") = "Cognite.Arb.Sts.Service", "Projects\Cognite.Arb.Sts.Service\Cognite.Arb.Sts.Service.csproj", "{F706A097-2C92-472E-A7EC-7D4323588C5F}"
EndProject
Project("{FAE04EC0-301F-11D3-BF4B-00C04F79EFBC}") = "Cognite.Arb.Sts.WindowsServiceHost", "Projects\Cognite.Arb.Sts.WindowsServiceHost\Cognite.Arb.Sts.WindowsServiceHost.csproj", "{570FDECB-1DCC-4986-9034-2CE2B67162C0}"
EndProject
Project("{FAE04EC0-301F-11D3-BF4B-00C04F79EFBC}") = "Cognite.Arb.Sts.Contract", "Projects\Cognite.Arb.Sts.Contract\Cognite.Arb.Sts.Contract.csproj", "{30064507-3B41-4E0D-99A0-C559476607F2}"
EndProject
Project("{FAE04EC0-301F-11D3-BF4B-00C04F79EFBC}") = "Cognite.Arb.Sts.Client", "Projects\Cognite.Arb.Sts.Client\Cognite.Arb.Sts.Client.csproj", "{27BFCE95-A038-4D28-B1F6-CCFE953559E1}"
EndProject
Project("{FAE04EC0-301F-11D3-BF4B-00C04F79EFBC}") = "Cognite.Arb.WebApi.Resource.Sts", "Projects\Cognite.Arb.WebApi.Resource.Sts\Cognite.Arb.WebApi.Resource.Sts.csproj", "{7F396DDA-397F-458A-871A-CAE4DCC04B40}"
EndProject
Project("{930C7802-8A8C-48F9-8165-68863BCCD9DD}") = "Cognite.Arb.Setup", "Projects\Cognite.Arb.Setup\Cognite.Arb.Setup.wixproj", "{92FF7ACE-C287-4CC5-9A5F-03F3060AEBBC}"
	ProjectSection(ProjectDependencies) = postProject
		{D2F11401-B187-4511-8BFF-3C40C8161C39} = {D2F11401-B187-4511-8BFF-3C40C8161C39}
		{30064507-3B41-4E0D-99A0-C559476607F2} = {30064507-3B41-4E0D-99A0-C559476607F2}
		{BFD7921F-A80A-407D-BBF7-F8909D5256AF} = {BFD7921F-A80A-407D-BBF7-F8909D5256AF}
		{D3000924-6685-44F3-AA83-942ED5339652} = {D3000924-6685-44F3-AA83-942ED5339652}
		{693F4D2D-F00C-4A9E-A3D3-1CA36F0A4FF9} = {693F4D2D-F00C-4A9E-A3D3-1CA36F0A4FF9}
		{498A293C-11BC-407D-9E3D-A59BE786B887} = {498A293C-11BC-407D-9E3D-A59BE786B887}
		{03BB2B46-0A36-4A3B-94E7-63B7FF2910C6} = {03BB2B46-0A36-4A3B-94E7-63B7FF2910C6}
		{E6929347-361D-4C9C-8AEA-2D0EC2A3140A} = {E6929347-361D-4C9C-8AEA-2D0EC2A3140A}
		{416F2852-B2D0-4CB2-B49F-133B5E36E684} = {416F2852-B2D0-4CB2-B49F-133B5E36E684}
		{A4B3FE63-5F4F-4422-A034-8FC2704B6A53} = {A4B3FE63-5F4F-4422-A034-8FC2704B6A53}
		{A6F4397E-1C16-4CFA-B089-B054FF6285ED} = {A6F4397E-1C16-4CFA-B089-B054FF6285ED}
		{7672A791-9868-4370-B43C-46EAF498EC2A} = {7672A791-9868-4370-B43C-46EAF498EC2A}
		{27BFCE95-A038-4D28-B1F6-CCFE953559E1} = {27BFCE95-A038-4D28-B1F6-CCFE953559E1}
		{F706A097-2C92-472E-A7EC-7D4323588C5F} = {F706A097-2C92-472E-A7EC-7D4323588C5F}
		{7604AAC2-E03C-4560-8398-1EF45F8C0217} = {7604AAC2-E03C-4560-8398-1EF45F8C0217}
		{899A31C3-7F76-4F30-A253-88162BCA25FE} = {899A31C3-7F76-4F30-A253-88162BCA25FE}
		{570FDECB-1DCC-4986-9034-2CE2B67162C0} = {570FDECB-1DCC-4986-9034-2CE2B67162C0}
		{6CF21DD2-10FC-464E-BA43-3BBAFD7E987E} = {6CF21DD2-10FC-464E-BA43-3BBAFD7E987E}
		{7F396DDA-397F-458A-871A-CAE4DCC04B40} = {7F396DDA-397F-458A-871A-CAE4DCC04B40}
		{FF88BFF3-5448-49C0-880F-1EAFF1CF67DE} = {FF88BFF3-5448-49C0-880F-1EAFF1CF67DE}
	EndProjectSection
EndProject
Project("{FAE04EC0-301F-11D3-BF4B-00C04F79EFBC}") = "Cognite.Arb.Setup.CustomActions", "Projects\Cognite.Arb.Setup.CustomActions\Cognite.Arb.Setup.CustomActions.csproj", "{367380D8-4DCA-42AC-9857-B2C55A48B5AB}"
EndProject
Project("{2150E333-8FDC-42A3-9474-1A3956D46DE8}") = "Source", "Source", "{3BEFAABE-DE38-4F1D-A08D-9BFFE4B00080}"
EndProject
Project("{FAE04EC0-301F-11D3-BF4B-00C04F79EFBC}") = "WebAppSetupGenerator", "Projects\WebAppSetupGenerator\WebAppSetupGenerator.csproj", "{EBA8259E-730C-419A-8CA9-BE846A379F42}"
EndProject
Project("{FAE04EC0-301F-11D3-BF4B-00C04F79EFBC}") = "Cognite.Arb.WebApi.Resource.Documents", "Projects\Cognite.Arb.WebApi.Resource.Documents\Cognite.Arb.WebApi.Resource.Documents.csproj", "{E55E7AC1-709E-4FB2-A066-6DF3E3A1DABB}"
EndProject
Project("{FAE04EC0-301F-11D3-BF4B-00C04F79EFBC}") = "Cognite.Arb.Sts.Client.Tests", "Projects\Cognite.Arb.Sts.Client.Tests\Cognite.Arb.Sts.Client.Tests.csproj", "{CFD899ED-1DD6-410D-A78A-18E92FE7825C}"
EndProject
Project("{2150E333-8FDC-42A3-9474-1A3956D46DE8}") = "ScheduleService", "ScheduleService", "{44D77A1D-FE24-4560-A6A8-127B2B1FDE37}"
EndProject
Project("{FAE04EC0-301F-11D3-BF4B-00C04F79EFBC}") = "Cognite.Arb.Schedule.WindowsServiceHost", "projects\Cognite.Arb.Schedule.WindowsServiceHost\Cognite.Arb.Schedule.WindowsServiceHost.csproj", "{9FB5C5EB-BF75-4855-ACD9-6F61237AD259}"
EndProject
Global
	GlobalSection(SolutionConfigurationPlatforms) = preSolution
		apatotski|Any CPU = apatotski|Any CPU
		apatotski|Mixed Platforms = apatotski|Mixed Platforms
		apatotski|x86 = apatotski|x86
		buildserver|Any CPU = buildserver|Any CPU
		buildserver|Mixed Platforms = buildserver|Mixed Platforms
		buildserver|x86 = buildserver|x86
		Debug|Any CPU = Debug|Any CPU
		Debug|Mixed Platforms = Debug|Mixed Platforms
		Debug|x86 = Debug|x86
		kisialiou|Any CPU = kisialiou|Any CPU
		kisialiou|Mixed Platforms = kisialiou|Mixed Platforms
		kisialiou|x86 = kisialiou|x86
		release|Any CPU = release|Any CPU
		release|Mixed Platforms = release|Mixed Platforms
		release|x86 = release|x86
	EndGlobalSection
	GlobalSection(ProjectConfigurationPlatforms) = postSolution
		{7604AAC2-E03C-4560-8398-1EF45F8C0217}.apatotski|Any CPU.ActiveCfg = release|Any CPU
		{7604AAC2-E03C-4560-8398-1EF45F8C0217}.apatotski|Any CPU.Build.0 = release|Any CPU
		{7604AAC2-E03C-4560-8398-1EF45F8C0217}.apatotski|Mixed Platforms.ActiveCfg = release|Any CPU
		{7604AAC2-E03C-4560-8398-1EF45F8C0217}.apatotski|Mixed Platforms.Build.0 = release|Any CPU
		{7604AAC2-E03C-4560-8398-1EF45F8C0217}.apatotski|x86.ActiveCfg = release|Any CPU
		{7604AAC2-E03C-4560-8398-1EF45F8C0217}.buildserver|Any CPU.ActiveCfg = buildserver|Any CPU
		{7604AAC2-E03C-4560-8398-1EF45F8C0217}.buildserver|Any CPU.Build.0 = buildserver|Any CPU
		{7604AAC2-E03C-4560-8398-1EF45F8C0217}.buildserver|Mixed Platforms.ActiveCfg = buildserver|Any CPU
		{7604AAC2-E03C-4560-8398-1EF45F8C0217}.buildserver|Mixed Platforms.Build.0 = buildserver|Any CPU
		{7604AAC2-E03C-4560-8398-1EF45F8C0217}.buildserver|x86.ActiveCfg = buildserver|Any CPU
		{7604AAC2-E03C-4560-8398-1EF45F8C0217}.Debug|Any CPU.ActiveCfg = Debug|Any CPU
		{7604AAC2-E03C-4560-8398-1EF45F8C0217}.Debug|Any CPU.Build.0 = Debug|Any CPU
		{7604AAC2-E03C-4560-8398-1EF45F8C0217}.Debug|Mixed Platforms.ActiveCfg = Debug|Any CPU
		{7604AAC2-E03C-4560-8398-1EF45F8C0217}.Debug|Mixed Platforms.Build.0 = Debug|Any CPU
		{7604AAC2-E03C-4560-8398-1EF45F8C0217}.Debug|x86.ActiveCfg = Debug|Any CPU
		{7604AAC2-E03C-4560-8398-1EF45F8C0217}.kisialiou|Any CPU.ActiveCfg = release|Any CPU
		{7604AAC2-E03C-4560-8398-1EF45F8C0217}.kisialiou|Any CPU.Build.0 = release|Any CPU
		{7604AAC2-E03C-4560-8398-1EF45F8C0217}.kisialiou|Mixed Platforms.ActiveCfg = release|Any CPU
		{7604AAC2-E03C-4560-8398-1EF45F8C0217}.kisialiou|Mixed Platforms.Build.0 = release|Any CPU
		{7604AAC2-E03C-4560-8398-1EF45F8C0217}.kisialiou|x86.ActiveCfg = release|Any CPU
		{7604AAC2-E03C-4560-8398-1EF45F8C0217}.release|Any CPU.ActiveCfg = release|Any CPU
		{7604AAC2-E03C-4560-8398-1EF45F8C0217}.release|Any CPU.Build.0 = release|Any CPU
		{7604AAC2-E03C-4560-8398-1EF45F8C0217}.release|Mixed Platforms.ActiveCfg = release|Any CPU
		{7604AAC2-E03C-4560-8398-1EF45F8C0217}.release|Mixed Platforms.Build.0 = release|Any CPU
		{7604AAC2-E03C-4560-8398-1EF45F8C0217}.release|x86.ActiveCfg = release|Any CPU
		{416F2852-B2D0-4CB2-B49F-133B5E36E684}.apatotski|Any CPU.ActiveCfg = release|Any CPU
		{416F2852-B2D0-4CB2-B49F-133B5E36E684}.apatotski|Any CPU.Build.0 = release|Any CPU
		{416F2852-B2D0-4CB2-B49F-133B5E36E684}.apatotski|Mixed Platforms.ActiveCfg = release|Any CPU
		{416F2852-B2D0-4CB2-B49F-133B5E36E684}.apatotski|Mixed Platforms.Build.0 = release|Any CPU
		{416F2852-B2D0-4CB2-B49F-133B5E36E684}.apatotski|x86.ActiveCfg = release|Any CPU
		{416F2852-B2D0-4CB2-B49F-133B5E36E684}.buildserver|Any CPU.ActiveCfg = buildserver|Any CPU
		{416F2852-B2D0-4CB2-B49F-133B5E36E684}.buildserver|Any CPU.Build.0 = buildserver|Any CPU
		{416F2852-B2D0-4CB2-B49F-133B5E36E684}.buildserver|Mixed Platforms.ActiveCfg = buildserver|Any CPU
		{416F2852-B2D0-4CB2-B49F-133B5E36E684}.buildserver|Mixed Platforms.Build.0 = buildserver|Any CPU
		{416F2852-B2D0-4CB2-B49F-133B5E36E684}.buildserver|x86.ActiveCfg = buildserver|Any CPU
		{416F2852-B2D0-4CB2-B49F-133B5E36E684}.Debug|Any CPU.ActiveCfg = Debug|Any CPU
		{416F2852-B2D0-4CB2-B49F-133B5E36E684}.Debug|Any CPU.Build.0 = Debug|Any CPU
		{416F2852-B2D0-4CB2-B49F-133B5E36E684}.Debug|Mixed Platforms.ActiveCfg = Debug|Any CPU
		{416F2852-B2D0-4CB2-B49F-133B5E36E684}.Debug|Mixed Platforms.Build.0 = Debug|Any CPU
		{416F2852-B2D0-4CB2-B49F-133B5E36E684}.Debug|x86.ActiveCfg = Debug|Any CPU
		{416F2852-B2D0-4CB2-B49F-133B5E36E684}.kisialiou|Any CPU.ActiveCfg = release|Any CPU
		{416F2852-B2D0-4CB2-B49F-133B5E36E684}.kisialiou|Any CPU.Build.0 = release|Any CPU
		{416F2852-B2D0-4CB2-B49F-133B5E36E684}.kisialiou|Mixed Platforms.ActiveCfg = release|Any CPU
		{416F2852-B2D0-4CB2-B49F-133B5E36E684}.kisialiou|Mixed Platforms.Build.0 = release|Any CPU
		{416F2852-B2D0-4CB2-B49F-133B5E36E684}.kisialiou|x86.ActiveCfg = release|Any CPU
		{416F2852-B2D0-4CB2-B49F-133B5E36E684}.release|Any CPU.ActiveCfg = release|Any CPU
		{416F2852-B2D0-4CB2-B49F-133B5E36E684}.release|Any CPU.Build.0 = release|Any CPU
		{416F2852-B2D0-4CB2-B49F-133B5E36E684}.release|Mixed Platforms.ActiveCfg = release|Any CPU
		{416F2852-B2D0-4CB2-B49F-133B5E36E684}.release|Mixed Platforms.Build.0 = release|Any CPU
		{416F2852-B2D0-4CB2-B49F-133B5E36E684}.release|x86.ActiveCfg = release|Any CPU
		{E6929347-361D-4C9C-8AEA-2D0EC2A3140A}.apatotski|Any CPU.ActiveCfg = release|Any CPU
		{E6929347-361D-4C9C-8AEA-2D0EC2A3140A}.apatotski|Any CPU.Build.0 = release|Any CPU
		{E6929347-361D-4C9C-8AEA-2D0EC2A3140A}.apatotski|Mixed Platforms.ActiveCfg = release|Any CPU
		{E6929347-361D-4C9C-8AEA-2D0EC2A3140A}.apatotski|Mixed Platforms.Build.0 = release|Any CPU
		{E6929347-361D-4C9C-8AEA-2D0EC2A3140A}.apatotski|x86.ActiveCfg = release|Any CPU
		{E6929347-361D-4C9C-8AEA-2D0EC2A3140A}.buildserver|Any CPU.ActiveCfg = buildserver|Any CPU
		{E6929347-361D-4C9C-8AEA-2D0EC2A3140A}.buildserver|Any CPU.Build.0 = buildserver|Any CPU
		{E6929347-361D-4C9C-8AEA-2D0EC2A3140A}.buildserver|Mixed Platforms.ActiveCfg = buildserver|Any CPU
		{E6929347-361D-4C9C-8AEA-2D0EC2A3140A}.buildserver|Mixed Platforms.Build.0 = buildserver|Any CPU
		{E6929347-361D-4C9C-8AEA-2D0EC2A3140A}.buildserver|x86.ActiveCfg = buildserver|Any CPU
		{E6929347-361D-4C9C-8AEA-2D0EC2A3140A}.Debug|Any CPU.ActiveCfg = Debug|Any CPU
		{E6929347-361D-4C9C-8AEA-2D0EC2A3140A}.Debug|Any CPU.Build.0 = Debug|Any CPU
		{E6929347-361D-4C9C-8AEA-2D0EC2A3140A}.Debug|Mixed Platforms.ActiveCfg = Debug|Any CPU
		{E6929347-361D-4C9C-8AEA-2D0EC2A3140A}.Debug|Mixed Platforms.Build.0 = Debug|Any CPU
		{E6929347-361D-4C9C-8AEA-2D0EC2A3140A}.Debug|x86.ActiveCfg = Debug|Any CPU
		{E6929347-361D-4C9C-8AEA-2D0EC2A3140A}.kisialiou|Any CPU.ActiveCfg = release|Any CPU
		{E6929347-361D-4C9C-8AEA-2D0EC2A3140A}.kisialiou|Any CPU.Build.0 = release|Any CPU
		{E6929347-361D-4C9C-8AEA-2D0EC2A3140A}.kisialiou|Mixed Platforms.ActiveCfg = release|Any CPU
		{E6929347-361D-4C9C-8AEA-2D0EC2A3140A}.kisialiou|Mixed Platforms.Build.0 = release|Any CPU
		{E6929347-361D-4C9C-8AEA-2D0EC2A3140A}.kisialiou|x86.ActiveCfg = release|Any CPU
		{E6929347-361D-4C9C-8AEA-2D0EC2A3140A}.release|Any CPU.ActiveCfg = release|Any CPU
		{E6929347-361D-4C9C-8AEA-2D0EC2A3140A}.release|Any CPU.Build.0 = release|Any CPU
		{E6929347-361D-4C9C-8AEA-2D0EC2A3140A}.release|Mixed Platforms.ActiveCfg = release|Any CPU
		{E6929347-361D-4C9C-8AEA-2D0EC2A3140A}.release|Mixed Platforms.Build.0 = release|Any CPU
		{E6929347-361D-4C9C-8AEA-2D0EC2A3140A}.release|x86.ActiveCfg = release|Any CPU
		{E1742D79-0A7B-47A1-B095-D77B4A008EE4}.apatotski|Any CPU.ActiveCfg = release|Any CPU
		{E1742D79-0A7B-47A1-B095-D77B4A008EE4}.apatotski|Any CPU.Build.0 = release|Any CPU
		{E1742D79-0A7B-47A1-B095-D77B4A008EE4}.apatotski|Mixed Platforms.ActiveCfg = release|Any CPU
		{E1742D79-0A7B-47A1-B095-D77B4A008EE4}.apatotski|Mixed Platforms.Build.0 = release|Any CPU
		{E1742D79-0A7B-47A1-B095-D77B4A008EE4}.apatotski|x86.ActiveCfg = release|Any CPU
		{E1742D79-0A7B-47A1-B095-D77B4A008EE4}.buildserver|Any CPU.ActiveCfg = buildserver|Any CPU
		{E1742D79-0A7B-47A1-B095-D77B4A008EE4}.buildserver|Any CPU.Build.0 = buildserver|Any CPU
		{E1742D79-0A7B-47A1-B095-D77B4A008EE4}.buildserver|Mixed Platforms.ActiveCfg = buildserver|Any CPU
		{E1742D79-0A7B-47A1-B095-D77B4A008EE4}.buildserver|Mixed Platforms.Build.0 = buildserver|Any CPU
		{E1742D79-0A7B-47A1-B095-D77B4A008EE4}.buildserver|x86.ActiveCfg = buildserver|Any CPU
		{E1742D79-0A7B-47A1-B095-D77B4A008EE4}.Debug|Any CPU.ActiveCfg = Debug|Any CPU
		{E1742D79-0A7B-47A1-B095-D77B4A008EE4}.Debug|Any CPU.Build.0 = Debug|Any CPU
		{E1742D79-0A7B-47A1-B095-D77B4A008EE4}.Debug|Mixed Platforms.ActiveCfg = Debug|Any CPU
		{E1742D79-0A7B-47A1-B095-D77B4A008EE4}.Debug|Mixed Platforms.Build.0 = Debug|Any CPU
		{E1742D79-0A7B-47A1-B095-D77B4A008EE4}.Debug|x86.ActiveCfg = Debug|Any CPU
		{E1742D79-0A7B-47A1-B095-D77B4A008EE4}.kisialiou|Any CPU.ActiveCfg = release|Any CPU
		{E1742D79-0A7B-47A1-B095-D77B4A008EE4}.kisialiou|Any CPU.Build.0 = release|Any CPU
		{E1742D79-0A7B-47A1-B095-D77B4A008EE4}.kisialiou|Mixed Platforms.ActiveCfg = release|Any CPU
		{E1742D79-0A7B-47A1-B095-D77B4A008EE4}.kisialiou|Mixed Platforms.Build.0 = release|Any CPU
		{E1742D79-0A7B-47A1-B095-D77B4A008EE4}.kisialiou|x86.ActiveCfg = release|Any CPU
		{E1742D79-0A7B-47A1-B095-D77B4A008EE4}.release|Any CPU.ActiveCfg = release|Any CPU
		{E1742D79-0A7B-47A1-B095-D77B4A008EE4}.release|Any CPU.Build.0 = release|Any CPU
		{E1742D79-0A7B-47A1-B095-D77B4A008EE4}.release|Mixed Platforms.ActiveCfg = release|Any CPU
		{E1742D79-0A7B-47A1-B095-D77B4A008EE4}.release|Mixed Platforms.Build.0 = release|Any CPU
		{E1742D79-0A7B-47A1-B095-D77B4A008EE4}.release|x86.ActiveCfg = release|Any CPU
		{186C762D-20FD-40E0-ABA9-2F24D424ECD8}.apatotski|Any CPU.ActiveCfg = release|Any CPU
		{186C762D-20FD-40E0-ABA9-2F24D424ECD8}.apatotski|Any CPU.Build.0 = release|Any CPU
		{186C762D-20FD-40E0-ABA9-2F24D424ECD8}.apatotski|Mixed Platforms.ActiveCfg = release|Any CPU
		{186C762D-20FD-40E0-ABA9-2F24D424ECD8}.apatotski|Mixed Platforms.Build.0 = release|Any CPU
		{186C762D-20FD-40E0-ABA9-2F24D424ECD8}.apatotski|x86.ActiveCfg = release|Any CPU
		{186C762D-20FD-40E0-ABA9-2F24D424ECD8}.buildserver|Any CPU.ActiveCfg = buildserver|Any CPU
		{186C762D-20FD-40E0-ABA9-2F24D424ECD8}.buildserver|Any CPU.Build.0 = buildserver|Any CPU
		{186C762D-20FD-40E0-ABA9-2F24D424ECD8}.buildserver|Mixed Platforms.ActiveCfg = buildserver|Any CPU
		{186C762D-20FD-40E0-ABA9-2F24D424ECD8}.buildserver|Mixed Platforms.Build.0 = buildserver|Any CPU
		{186C762D-20FD-40E0-ABA9-2F24D424ECD8}.buildserver|x86.ActiveCfg = buildserver|Any CPU
		{186C762D-20FD-40E0-ABA9-2F24D424ECD8}.Debug|Any CPU.ActiveCfg = Debug|Any CPU
		{186C762D-20FD-40E0-ABA9-2F24D424ECD8}.Debug|Any CPU.Build.0 = Debug|Any CPU
		{186C762D-20FD-40E0-ABA9-2F24D424ECD8}.Debug|Mixed Platforms.ActiveCfg = Debug|Any CPU
		{186C762D-20FD-40E0-ABA9-2F24D424ECD8}.Debug|Mixed Platforms.Build.0 = Debug|Any CPU
		{186C762D-20FD-40E0-ABA9-2F24D424ECD8}.Debug|x86.ActiveCfg = Debug|Any CPU
		{186C762D-20FD-40E0-ABA9-2F24D424ECD8}.kisialiou|Any CPU.ActiveCfg = release|Any CPU
		{186C762D-20FD-40E0-ABA9-2F24D424ECD8}.kisialiou|Any CPU.Build.0 = release|Any CPU
		{186C762D-20FD-40E0-ABA9-2F24D424ECD8}.kisialiou|Mixed Platforms.ActiveCfg = release|Any CPU
		{186C762D-20FD-40E0-ABA9-2F24D424ECD8}.kisialiou|Mixed Platforms.Build.0 = release|Any CPU
		{186C762D-20FD-40E0-ABA9-2F24D424ECD8}.kisialiou|x86.ActiveCfg = release|Any CPU
		{186C762D-20FD-40E0-ABA9-2F24D424ECD8}.release|Any CPU.ActiveCfg = release|Any CPU
		{186C762D-20FD-40E0-ABA9-2F24D424ECD8}.release|Any CPU.Build.0 = release|Any CPU
		{186C762D-20FD-40E0-ABA9-2F24D424ECD8}.release|Mixed Platforms.ActiveCfg = release|Any CPU
		{186C762D-20FD-40E0-ABA9-2F24D424ECD8}.release|Mixed Platforms.Build.0 = release|Any CPU
		{186C762D-20FD-40E0-ABA9-2F24D424ECD8}.release|x86.ActiveCfg = release|Any CPU
		{FF88BFF3-5448-49C0-880F-1EAFF1CF67DE}.apatotski|Any CPU.ActiveCfg = release|Any CPU
		{FF88BFF3-5448-49C0-880F-1EAFF1CF67DE}.apatotski|Any CPU.Build.0 = release|Any CPU
		{FF88BFF3-5448-49C0-880F-1EAFF1CF67DE}.apatotski|Mixed Platforms.ActiveCfg = release|Any CPU
		{FF88BFF3-5448-49C0-880F-1EAFF1CF67DE}.apatotski|Mixed Platforms.Build.0 = release|Any CPU
		{FF88BFF3-5448-49C0-880F-1EAFF1CF67DE}.apatotski|x86.ActiveCfg = release|Any CPU
		{FF88BFF3-5448-49C0-880F-1EAFF1CF67DE}.buildserver|Any CPU.ActiveCfg = buildserver|Any CPU
		{FF88BFF3-5448-49C0-880F-1EAFF1CF67DE}.buildserver|Any CPU.Build.0 = buildserver|Any CPU
		{FF88BFF3-5448-49C0-880F-1EAFF1CF67DE}.buildserver|Mixed Platforms.ActiveCfg = buildserver|Any CPU
		{FF88BFF3-5448-49C0-880F-1EAFF1CF67DE}.buildserver|Mixed Platforms.Build.0 = buildserver|Any CPU
		{FF88BFF3-5448-49C0-880F-1EAFF1CF67DE}.buildserver|x86.ActiveCfg = buildserver|Any CPU
		{FF88BFF3-5448-49C0-880F-1EAFF1CF67DE}.Debug|Any CPU.ActiveCfg = Debug|Any CPU
		{FF88BFF3-5448-49C0-880F-1EAFF1CF67DE}.Debug|Any CPU.Build.0 = Debug|Any CPU
		{FF88BFF3-5448-49C0-880F-1EAFF1CF67DE}.Debug|Mixed Platforms.ActiveCfg = Debug|Any CPU
		{FF88BFF3-5448-49C0-880F-1EAFF1CF67DE}.Debug|Mixed Platforms.Build.0 = Debug|Any CPU
		{FF88BFF3-5448-49C0-880F-1EAFF1CF67DE}.Debug|x86.ActiveCfg = Debug|Any CPU
		{FF88BFF3-5448-49C0-880F-1EAFF1CF67DE}.kisialiou|Any CPU.ActiveCfg = release|Any CPU
		{FF88BFF3-5448-49C0-880F-1EAFF1CF67DE}.kisialiou|Any CPU.Build.0 = release|Any CPU
		{FF88BFF3-5448-49C0-880F-1EAFF1CF67DE}.kisialiou|Mixed Platforms.ActiveCfg = release|Any CPU
		{FF88BFF3-5448-49C0-880F-1EAFF1CF67DE}.kisialiou|Mixed Platforms.Build.0 = release|Any CPU
		{FF88BFF3-5448-49C0-880F-1EAFF1CF67DE}.kisialiou|x86.ActiveCfg = release|Any CPU
		{FF88BFF3-5448-49C0-880F-1EAFF1CF67DE}.release|Any CPU.ActiveCfg = release|Any CPU
		{FF88BFF3-5448-49C0-880F-1EAFF1CF67DE}.release|Any CPU.Build.0 = release|Any CPU
		{FF88BFF3-5448-49C0-880F-1EAFF1CF67DE}.release|Mixed Platforms.ActiveCfg = release|Any CPU
		{FF88BFF3-5448-49C0-880F-1EAFF1CF67DE}.release|Mixed Platforms.Build.0 = release|Any CPU
		{FF88BFF3-5448-49C0-880F-1EAFF1CF67DE}.release|x86.ActiveCfg = release|Any CPU
		{D2F11401-B187-4511-8BFF-3C40C8161C39}.apatotski|Any CPU.ActiveCfg = release|Any CPU
		{D2F11401-B187-4511-8BFF-3C40C8161C39}.apatotski|Any CPU.Build.0 = release|Any CPU
		{D2F11401-B187-4511-8BFF-3C40C8161C39}.apatotski|Mixed Platforms.ActiveCfg = release|Any CPU
		{D2F11401-B187-4511-8BFF-3C40C8161C39}.apatotski|Mixed Platforms.Build.0 = release|Any CPU
		{D2F11401-B187-4511-8BFF-3C40C8161C39}.apatotski|x86.ActiveCfg = release|Any CPU
		{D2F11401-B187-4511-8BFF-3C40C8161C39}.buildserver|Any CPU.ActiveCfg = buildserver|Any CPU
		{D2F11401-B187-4511-8BFF-3C40C8161C39}.buildserver|Any CPU.Build.0 = buildserver|Any CPU
		{D2F11401-B187-4511-8BFF-3C40C8161C39}.buildserver|Mixed Platforms.ActiveCfg = buildserver|Any CPU
		{D2F11401-B187-4511-8BFF-3C40C8161C39}.buildserver|Mixed Platforms.Build.0 = buildserver|Any CPU
		{D2F11401-B187-4511-8BFF-3C40C8161C39}.buildserver|x86.ActiveCfg = buildserver|Any CPU
		{D2F11401-B187-4511-8BFF-3C40C8161C39}.Debug|Any CPU.ActiveCfg = Debug|Any CPU
		{D2F11401-B187-4511-8BFF-3C40C8161C39}.Debug|Any CPU.Build.0 = Debug|Any CPU
		{D2F11401-B187-4511-8BFF-3C40C8161C39}.Debug|Mixed Platforms.ActiveCfg = Debug|Any CPU
		{D2F11401-B187-4511-8BFF-3C40C8161C39}.Debug|Mixed Platforms.Build.0 = Debug|Any CPU
		{D2F11401-B187-4511-8BFF-3C40C8161C39}.Debug|x86.ActiveCfg = Debug|Any CPU
		{D2F11401-B187-4511-8BFF-3C40C8161C39}.kisialiou|Any CPU.ActiveCfg = release|Any CPU
		{D2F11401-B187-4511-8BFF-3C40C8161C39}.kisialiou|Any CPU.Build.0 = release|Any CPU
		{D2F11401-B187-4511-8BFF-3C40C8161C39}.kisialiou|Mixed Platforms.ActiveCfg = release|Any CPU
		{D2F11401-B187-4511-8BFF-3C40C8161C39}.kisialiou|Mixed Platforms.Build.0 = release|Any CPU
		{D2F11401-B187-4511-8BFF-3C40C8161C39}.kisialiou|x86.ActiveCfg = release|Any CPU
		{D2F11401-B187-4511-8BFF-3C40C8161C39}.release|Any CPU.ActiveCfg = release|Any CPU
		{D2F11401-B187-4511-8BFF-3C40C8161C39}.release|Any CPU.Build.0 = release|Any CPU
		{D2F11401-B187-4511-8BFF-3C40C8161C39}.release|Mixed Platforms.ActiveCfg = release|Any CPU
		{D2F11401-B187-4511-8BFF-3C40C8161C39}.release|Mixed Platforms.Build.0 = release|Any CPU
		{D2F11401-B187-4511-8BFF-3C40C8161C39}.release|x86.ActiveCfg = release|Any CPU
		{7672A791-9868-4370-B43C-46EAF498EC2A}.apatotski|Any CPU.ActiveCfg = release|Any CPU
		{7672A791-9868-4370-B43C-46EAF498EC2A}.apatotski|Any CPU.Build.0 = release|Any CPU
		{7672A791-9868-4370-B43C-46EAF498EC2A}.apatotski|Mixed Platforms.ActiveCfg = release|Any CPU
		{7672A791-9868-4370-B43C-46EAF498EC2A}.apatotski|Mixed Platforms.Build.0 = release|Any CPU
		{7672A791-9868-4370-B43C-46EAF498EC2A}.apatotski|x86.ActiveCfg = release|Any CPU
		{7672A791-9868-4370-B43C-46EAF498EC2A}.buildserver|Any CPU.ActiveCfg = buildserver|Any CPU
		{7672A791-9868-4370-B43C-46EAF498EC2A}.buildserver|Any CPU.Build.0 = buildserver|Any CPU
		{7672A791-9868-4370-B43C-46EAF498EC2A}.buildserver|Mixed Platforms.ActiveCfg = buildserver|Any CPU
		{7672A791-9868-4370-B43C-46EAF498EC2A}.buildserver|Mixed Platforms.Build.0 = buildserver|Any CPU
		{7672A791-9868-4370-B43C-46EAF498EC2A}.buildserver|x86.ActiveCfg = buildserver|Any CPU
		{7672A791-9868-4370-B43C-46EAF498EC2A}.Debug|Any CPU.ActiveCfg = Debug|Any CPU
		{7672A791-9868-4370-B43C-46EAF498EC2A}.Debug|Any CPU.Build.0 = Debug|Any CPU
		{7672A791-9868-4370-B43C-46EAF498EC2A}.Debug|Mixed Platforms.ActiveCfg = Debug|Any CPU
		{7672A791-9868-4370-B43C-46EAF498EC2A}.Debug|Mixed Platforms.Build.0 = Debug|Any CPU
		{7672A791-9868-4370-B43C-46EAF498EC2A}.Debug|x86.ActiveCfg = Debug|Any CPU
		{7672A791-9868-4370-B43C-46EAF498EC2A}.kisialiou|Any CPU.ActiveCfg = release|Any CPU
		{7672A791-9868-4370-B43C-46EAF498EC2A}.kisialiou|Any CPU.Build.0 = release|Any CPU
		{7672A791-9868-4370-B43C-46EAF498EC2A}.kisialiou|Mixed Platforms.ActiveCfg = release|Any CPU
		{7672A791-9868-4370-B43C-46EAF498EC2A}.kisialiou|Mixed Platforms.Build.0 = release|Any CPU
		{7672A791-9868-4370-B43C-46EAF498EC2A}.kisialiou|x86.ActiveCfg = release|Any CPU
		{7672A791-9868-4370-B43C-46EAF498EC2A}.release|Any CPU.ActiveCfg = release|Any CPU
		{7672A791-9868-4370-B43C-46EAF498EC2A}.release|Any CPU.Build.0 = release|Any CPU
		{7672A791-9868-4370-B43C-46EAF498EC2A}.release|Mixed Platforms.ActiveCfg = release|Any CPU
		{7672A791-9868-4370-B43C-46EAF498EC2A}.release|Mixed Platforms.Build.0 = release|Any CPU
		{7672A791-9868-4370-B43C-46EAF498EC2A}.release|x86.ActiveCfg = release|Any CPU
		{498A293C-11BC-407D-9E3D-A59BE786B887}.apatotski|Any CPU.ActiveCfg = release|Any CPU
		{498A293C-11BC-407D-9E3D-A59BE786B887}.apatotski|Any CPU.Build.0 = release|Any CPU
		{498A293C-11BC-407D-9E3D-A59BE786B887}.apatotski|Mixed Platforms.ActiveCfg = release|Any CPU
		{498A293C-11BC-407D-9E3D-A59BE786B887}.apatotski|Mixed Platforms.Build.0 = release|Any CPU
		{498A293C-11BC-407D-9E3D-A59BE786B887}.apatotski|x86.ActiveCfg = release|Any CPU
		{498A293C-11BC-407D-9E3D-A59BE786B887}.buildserver|Any CPU.ActiveCfg = buildserver|Any CPU
		{498A293C-11BC-407D-9E3D-A59BE786B887}.buildserver|Any CPU.Build.0 = buildserver|Any CPU
		{498A293C-11BC-407D-9E3D-A59BE786B887}.buildserver|Mixed Platforms.ActiveCfg = buildserver|Any CPU
		{498A293C-11BC-407D-9E3D-A59BE786B887}.buildserver|Mixed Platforms.Build.0 = buildserver|Any CPU
		{498A293C-11BC-407D-9E3D-A59BE786B887}.buildserver|x86.ActiveCfg = buildserver|Any CPU
		{498A293C-11BC-407D-9E3D-A59BE786B887}.Debug|Any CPU.ActiveCfg = Debug|Any CPU
		{498A293C-11BC-407D-9E3D-A59BE786B887}.Debug|Any CPU.Build.0 = Debug|Any CPU
		{498A293C-11BC-407D-9E3D-A59BE786B887}.Debug|Mixed Platforms.ActiveCfg = Debug|Any CPU
		{498A293C-11BC-407D-9E3D-A59BE786B887}.Debug|Mixed Platforms.Build.0 = Debug|Any CPU
		{498A293C-11BC-407D-9E3D-A59BE786B887}.Debug|x86.ActiveCfg = Debug|Any CPU
		{498A293C-11BC-407D-9E3D-A59BE786B887}.kisialiou|Any CPU.ActiveCfg = release|Any CPU
		{498A293C-11BC-407D-9E3D-A59BE786B887}.kisialiou|Any CPU.Build.0 = release|Any CPU
		{498A293C-11BC-407D-9E3D-A59BE786B887}.kisialiou|Mixed Platforms.ActiveCfg = release|Any CPU
		{498A293C-11BC-407D-9E3D-A59BE786B887}.kisialiou|Mixed Platforms.Build.0 = release|Any CPU
		{498A293C-11BC-407D-9E3D-A59BE786B887}.kisialiou|x86.ActiveCfg = release|Any CPU
		{498A293C-11BC-407D-9E3D-A59BE786B887}.release|Any CPU.ActiveCfg = release|Any CPU
		{498A293C-11BC-407D-9E3D-A59BE786B887}.release|Any CPU.Build.0 = release|Any CPU
		{498A293C-11BC-407D-9E3D-A59BE786B887}.release|Mixed Platforms.ActiveCfg = release|Any CPU
		{498A293C-11BC-407D-9E3D-A59BE786B887}.release|Mixed Platforms.Build.0 = release|Any CPU
		{498A293C-11BC-407D-9E3D-A59BE786B887}.release|x86.ActiveCfg = release|Any CPU
		{819C4C03-0751-4904-BFCE-4EDB431E4E41}.apatotski|Any CPU.ActiveCfg = release|Any CPU
		{819C4C03-0751-4904-BFCE-4EDB431E4E41}.apatotski|Any CPU.Build.0 = release|Any CPU
		{819C4C03-0751-4904-BFCE-4EDB431E4E41}.apatotski|Mixed Platforms.ActiveCfg = release|Any CPU
		{819C4C03-0751-4904-BFCE-4EDB431E4E41}.apatotski|Mixed Platforms.Build.0 = release|Any CPU
		{819C4C03-0751-4904-BFCE-4EDB431E4E41}.apatotski|x86.ActiveCfg = release|Any CPU
		{819C4C03-0751-4904-BFCE-4EDB431E4E41}.buildserver|Any CPU.ActiveCfg = buildserver|Any CPU
		{819C4C03-0751-4904-BFCE-4EDB431E4E41}.buildserver|Any CPU.Build.0 = buildserver|Any CPU
		{819C4C03-0751-4904-BFCE-4EDB431E4E41}.buildserver|Mixed Platforms.ActiveCfg = buildserver|Any CPU
		{819C4C03-0751-4904-BFCE-4EDB431E4E41}.buildserver|Mixed Platforms.Build.0 = buildserver|Any CPU
		{819C4C03-0751-4904-BFCE-4EDB431E4E41}.buildserver|x86.ActiveCfg = buildserver|Any CPU
		{819C4C03-0751-4904-BFCE-4EDB431E4E41}.Debug|Any CPU.ActiveCfg = Debug|Any CPU
		{819C4C03-0751-4904-BFCE-4EDB431E4E41}.Debug|Any CPU.Build.0 = Debug|Any CPU
		{819C4C03-0751-4904-BFCE-4EDB431E4E41}.Debug|Mixed Platforms.ActiveCfg = Debug|Any CPU
		{819C4C03-0751-4904-BFCE-4EDB431E4E41}.Debug|Mixed Platforms.Build.0 = Debug|Any CPU
		{819C4C03-0751-4904-BFCE-4EDB431E4E41}.Debug|x86.ActiveCfg = Debug|Any CPU
		{819C4C03-0751-4904-BFCE-4EDB431E4E41}.kisialiou|Any CPU.ActiveCfg = release|Any CPU
		{819C4C03-0751-4904-BFCE-4EDB431E4E41}.kisialiou|Any CPU.Build.0 = release|Any CPU
		{819C4C03-0751-4904-BFCE-4EDB431E4E41}.kisialiou|Mixed Platforms.ActiveCfg = release|Any CPU
		{819C4C03-0751-4904-BFCE-4EDB431E4E41}.kisialiou|Mixed Platforms.Build.0 = release|Any CPU
		{819C4C03-0751-4904-BFCE-4EDB431E4E41}.kisialiou|x86.ActiveCfg = release|Any CPU
		{819C4C03-0751-4904-BFCE-4EDB431E4E41}.release|Any CPU.ActiveCfg = release|Any CPU
		{819C4C03-0751-4904-BFCE-4EDB431E4E41}.release|Any CPU.Build.0 = release|Any CPU
		{819C4C03-0751-4904-BFCE-4EDB431E4E41}.release|Mixed Platforms.ActiveCfg = release|Any CPU
		{819C4C03-0751-4904-BFCE-4EDB431E4E41}.release|Mixed Platforms.Build.0 = release|Any CPU
		{819C4C03-0751-4904-BFCE-4EDB431E4E41}.release|x86.ActiveCfg = release|Any CPU
		{693F4D2D-F00C-4A9E-A3D3-1CA36F0A4FF9}.apatotski|Any CPU.ActiveCfg = release|Any CPU
		{693F4D2D-F00C-4A9E-A3D3-1CA36F0A4FF9}.apatotski|Any CPU.Build.0 = release|Any CPU
		{693F4D2D-F00C-4A9E-A3D3-1CA36F0A4FF9}.apatotski|Mixed Platforms.ActiveCfg = release|Any CPU
		{693F4D2D-F00C-4A9E-A3D3-1CA36F0A4FF9}.apatotski|Mixed Platforms.Build.0 = release|Any CPU
		{693F4D2D-F00C-4A9E-A3D3-1CA36F0A4FF9}.apatotski|x86.ActiveCfg = release|Any CPU
		{693F4D2D-F00C-4A9E-A3D3-1CA36F0A4FF9}.buildserver|Any CPU.ActiveCfg = buildserver|Any CPU
		{693F4D2D-F00C-4A9E-A3D3-1CA36F0A4FF9}.buildserver|Any CPU.Build.0 = buildserver|Any CPU
		{693F4D2D-F00C-4A9E-A3D3-1CA36F0A4FF9}.buildserver|Mixed Platforms.ActiveCfg = buildserver|Any CPU
		{693F4D2D-F00C-4A9E-A3D3-1CA36F0A4FF9}.buildserver|Mixed Platforms.Build.0 = buildserver|Any CPU
		{693F4D2D-F00C-4A9E-A3D3-1CA36F0A4FF9}.buildserver|x86.ActiveCfg = buildserver|Any CPU
		{693F4D2D-F00C-4A9E-A3D3-1CA36F0A4FF9}.Debug|Any CPU.ActiveCfg = Debug|Any CPU
		{693F4D2D-F00C-4A9E-A3D3-1CA36F0A4FF9}.Debug|Any CPU.Build.0 = Debug|Any CPU
		{693F4D2D-F00C-4A9E-A3D3-1CA36F0A4FF9}.Debug|Mixed Platforms.ActiveCfg = Debug|Any CPU
		{693F4D2D-F00C-4A9E-A3D3-1CA36F0A4FF9}.Debug|Mixed Platforms.Build.0 = Debug|Any CPU
		{693F4D2D-F00C-4A9E-A3D3-1CA36F0A4FF9}.Debug|x86.ActiveCfg = Debug|Any CPU
		{693F4D2D-F00C-4A9E-A3D3-1CA36F0A4FF9}.kisialiou|Any CPU.ActiveCfg = release|Any CPU
		{693F4D2D-F00C-4A9E-A3D3-1CA36F0A4FF9}.kisialiou|Any CPU.Build.0 = release|Any CPU
		{693F4D2D-F00C-4A9E-A3D3-1CA36F0A4FF9}.kisialiou|Mixed Platforms.ActiveCfg = release|Any CPU
		{693F4D2D-F00C-4A9E-A3D3-1CA36F0A4FF9}.kisialiou|Mixed Platforms.Build.0 = release|Any CPU
		{693F4D2D-F00C-4A9E-A3D3-1CA36F0A4FF9}.kisialiou|x86.ActiveCfg = release|Any CPU
		{693F4D2D-F00C-4A9E-A3D3-1CA36F0A4FF9}.release|Any CPU.ActiveCfg = release|Any CPU
		{693F4D2D-F00C-4A9E-A3D3-1CA36F0A4FF9}.release|Any CPU.Build.0 = release|Any CPU
		{693F4D2D-F00C-4A9E-A3D3-1CA36F0A4FF9}.release|Mixed Platforms.ActiveCfg = release|Any CPU
		{693F4D2D-F00C-4A9E-A3D3-1CA36F0A4FF9}.release|Mixed Platforms.Build.0 = release|Any CPU
		{693F4D2D-F00C-4A9E-A3D3-1CA36F0A4FF9}.release|x86.ActiveCfg = release|Any CPU
		{899A31C3-7F76-4F30-A253-88162BCA25FE}.apatotski|Any CPU.ActiveCfg = release|Any CPU
		{899A31C3-7F76-4F30-A253-88162BCA25FE}.apatotski|Any CPU.Build.0 = release|Any CPU
		{899A31C3-7F76-4F30-A253-88162BCA25FE}.apatotski|Mixed Platforms.ActiveCfg = release|Any CPU
		{899A31C3-7F76-4F30-A253-88162BCA25FE}.apatotski|Mixed Platforms.Build.0 = release|Any CPU
		{899A31C3-7F76-4F30-A253-88162BCA25FE}.apatotski|x86.ActiveCfg = release|Any CPU
		{899A31C3-7F76-4F30-A253-88162BCA25FE}.buildserver|Any CPU.ActiveCfg = buildserver|Any CPU
		{899A31C3-7F76-4F30-A253-88162BCA25FE}.buildserver|Any CPU.Build.0 = buildserver|Any CPU
		{899A31C3-7F76-4F30-A253-88162BCA25FE}.buildserver|Mixed Platforms.ActiveCfg = buildserver|Any CPU
		{899A31C3-7F76-4F30-A253-88162BCA25FE}.buildserver|Mixed Platforms.Build.0 = buildserver|Any CPU
		{899A31C3-7F76-4F30-A253-88162BCA25FE}.buildserver|x86.ActiveCfg = buildserver|Any CPU
		{899A31C3-7F76-4F30-A253-88162BCA25FE}.Debug|Any CPU.ActiveCfg = Debug|Any CPU
		{899A31C3-7F76-4F30-A253-88162BCA25FE}.Debug|Any CPU.Build.0 = Debug|Any CPU
		{899A31C3-7F76-4F30-A253-88162BCA25FE}.Debug|Mixed Platforms.ActiveCfg = Debug|Any CPU
		{899A31C3-7F76-4F30-A253-88162BCA25FE}.Debug|Mixed Platforms.Build.0 = Debug|Any CPU
		{899A31C3-7F76-4F30-A253-88162BCA25FE}.Debug|x86.ActiveCfg = Debug|Any CPU
		{899A31C3-7F76-4F30-A253-88162BCA25FE}.kisialiou|Any CPU.ActiveCfg = release|Any CPU
		{899A31C3-7F76-4F30-A253-88162BCA25FE}.kisialiou|Any CPU.Build.0 = release|Any CPU
		{899A31C3-7F76-4F30-A253-88162BCA25FE}.kisialiou|Mixed Platforms.ActiveCfg = release|Any CPU
		{899A31C3-7F76-4F30-A253-88162BCA25FE}.kisialiou|Mixed Platforms.Build.0 = release|Any CPU
		{899A31C3-7F76-4F30-A253-88162BCA25FE}.kisialiou|x86.ActiveCfg = release|Any CPU
		{899A31C3-7F76-4F30-A253-88162BCA25FE}.release|Any CPU.ActiveCfg = release|Any CPU
		{899A31C3-7F76-4F30-A253-88162BCA25FE}.release|Any CPU.Build.0 = release|Any CPU
		{899A31C3-7F76-4F30-A253-88162BCA25FE}.release|Mixed Platforms.ActiveCfg = release|Any CPU
		{899A31C3-7F76-4F30-A253-88162BCA25FE}.release|Mixed Platforms.Build.0 = release|Any CPU
		{899A31C3-7F76-4F30-A253-88162BCA25FE}.release|x86.ActiveCfg = release|Any CPU
		{BFD7921F-A80A-407D-BBF7-F8909D5256AF}.apatotski|Any CPU.ActiveCfg = release|Any CPU
		{BFD7921F-A80A-407D-BBF7-F8909D5256AF}.apatotski|Any CPU.Build.0 = release|Any CPU
		{BFD7921F-A80A-407D-BBF7-F8909D5256AF}.apatotski|Mixed Platforms.ActiveCfg = release|Any CPU
		{BFD7921F-A80A-407D-BBF7-F8909D5256AF}.apatotski|Mixed Platforms.Build.0 = release|Any CPU
		{BFD7921F-A80A-407D-BBF7-F8909D5256AF}.apatotski|x86.ActiveCfg = release|Any CPU
		{BFD7921F-A80A-407D-BBF7-F8909D5256AF}.buildserver|Any CPU.ActiveCfg = buildserver|Any CPU
		{BFD7921F-A80A-407D-BBF7-F8909D5256AF}.buildserver|Any CPU.Build.0 = buildserver|Any CPU
		{BFD7921F-A80A-407D-BBF7-F8909D5256AF}.buildserver|Mixed Platforms.ActiveCfg = buildserver|Any CPU
		{BFD7921F-A80A-407D-BBF7-F8909D5256AF}.buildserver|Mixed Platforms.Build.0 = buildserver|Any CPU
		{BFD7921F-A80A-407D-BBF7-F8909D5256AF}.buildserver|x86.ActiveCfg = buildserver|Any CPU
		{BFD7921F-A80A-407D-BBF7-F8909D5256AF}.Debug|Any CPU.ActiveCfg = Debug|Any CPU
		{BFD7921F-A80A-407D-BBF7-F8909D5256AF}.Debug|Any CPU.Build.0 = Debug|Any CPU
		{BFD7921F-A80A-407D-BBF7-F8909D5256AF}.Debug|Mixed Platforms.ActiveCfg = Debug|Any CPU
		{BFD7921F-A80A-407D-BBF7-F8909D5256AF}.Debug|Mixed Platforms.Build.0 = Debug|Any CPU
		{BFD7921F-A80A-407D-BBF7-F8909D5256AF}.Debug|x86.ActiveCfg = Debug|Any CPU
		{BFD7921F-A80A-407D-BBF7-F8909D5256AF}.kisialiou|Any CPU.ActiveCfg = release|Any CPU
		{BFD7921F-A80A-407D-BBF7-F8909D5256AF}.kisialiou|Any CPU.Build.0 = release|Any CPU
		{BFD7921F-A80A-407D-BBF7-F8909D5256AF}.kisialiou|Mixed Platforms.ActiveCfg = release|Any CPU
		{BFD7921F-A80A-407D-BBF7-F8909D5256AF}.kisialiou|Mixed Platforms.Build.0 = release|Any CPU
		{BFD7921F-A80A-407D-BBF7-F8909D5256AF}.kisialiou|x86.ActiveCfg = release|Any CPU
		{BFD7921F-A80A-407D-BBF7-F8909D5256AF}.release|Any CPU.ActiveCfg = release|Any CPU
		{BFD7921F-A80A-407D-BBF7-F8909D5256AF}.release|Any CPU.Build.0 = release|Any CPU
		{BFD7921F-A80A-407D-BBF7-F8909D5256AF}.release|Mixed Platforms.ActiveCfg = release|Any CPU
		{BFD7921F-A80A-407D-BBF7-F8909D5256AF}.release|Mixed Platforms.Build.0 = release|Any CPU
		{BFD7921F-A80A-407D-BBF7-F8909D5256AF}.release|x86.ActiveCfg = release|Any CPU
		{A4B3FE63-5F4F-4422-A034-8FC2704B6A53}.apatotski|Any CPU.ActiveCfg = apatotski|Any CPU
		{A4B3FE63-5F4F-4422-A034-8FC2704B6A53}.apatotski|Any CPU.Build.0 = apatotski|Any CPU
		{A4B3FE63-5F4F-4422-A034-8FC2704B6A53}.apatotski|Mixed Platforms.ActiveCfg = apatotski|Any CPU
		{A4B3FE63-5F4F-4422-A034-8FC2704B6A53}.apatotski|Mixed Platforms.Build.0 = apatotski|Any CPU
		{A4B3FE63-5F4F-4422-A034-8FC2704B6A53}.apatotski|x86.ActiveCfg = apatotski|Any CPU
		{A4B3FE63-5F4F-4422-A034-8FC2704B6A53}.buildserver|Any CPU.ActiveCfg = buildserver|Any CPU
		{A4B3FE63-5F4F-4422-A034-8FC2704B6A53}.buildserver|Any CPU.Build.0 = buildserver|Any CPU
		{A4B3FE63-5F4F-4422-A034-8FC2704B6A53}.buildserver|Mixed Platforms.ActiveCfg = buildserver|Any CPU
		{A4B3FE63-5F4F-4422-A034-8FC2704B6A53}.buildserver|Mixed Platforms.Build.0 = buildserver|Any CPU
		{A4B3FE63-5F4F-4422-A034-8FC2704B6A53}.buildserver|x86.ActiveCfg = buildserver|Any CPU
		{A4B3FE63-5F4F-4422-A034-8FC2704B6A53}.Debug|Any CPU.ActiveCfg = Debug|Any CPU
		{A4B3FE63-5F4F-4422-A034-8FC2704B6A53}.Debug|Any CPU.Build.0 = Debug|Any CPU
		{A4B3FE63-5F4F-4422-A034-8FC2704B6A53}.Debug|Mixed Platforms.ActiveCfg = Debug|Any CPU
		{A4B3FE63-5F4F-4422-A034-8FC2704B6A53}.Debug|Mixed Platforms.Build.0 = Debug|Any CPU
		{A4B3FE63-5F4F-4422-A034-8FC2704B6A53}.Debug|x86.ActiveCfg = Debug|Any CPU
		{A4B3FE63-5F4F-4422-A034-8FC2704B6A53}.kisialiou|Any CPU.ActiveCfg = kisialiou|Any CPU
		{A4B3FE63-5F4F-4422-A034-8FC2704B6A53}.kisialiou|Any CPU.Build.0 = kisialiou|Any CPU
		{A4B3FE63-5F4F-4422-A034-8FC2704B6A53}.kisialiou|Mixed Platforms.ActiveCfg = kisialiou|Any CPU
		{A4B3FE63-5F4F-4422-A034-8FC2704B6A53}.kisialiou|Mixed Platforms.Build.0 = kisialiou|Any CPU
		{A4B3FE63-5F4F-4422-A034-8FC2704B6A53}.kisialiou|x86.ActiveCfg = kisialiou|Any CPU
		{A4B3FE63-5F4F-4422-A034-8FC2704B6A53}.release|Any CPU.ActiveCfg = release|Any CPU
		{A4B3FE63-5F4F-4422-A034-8FC2704B6A53}.release|Any CPU.Build.0 = release|Any CPU
		{A4B3FE63-5F4F-4422-A034-8FC2704B6A53}.release|Mixed Platforms.ActiveCfg = release|Any CPU
		{A4B3FE63-5F4F-4422-A034-8FC2704B6A53}.release|Mixed Platforms.Build.0 = release|Any CPU
		{A4B3FE63-5F4F-4422-A034-8FC2704B6A53}.release|x86.ActiveCfg = release|Any CPU
		{6CF21DD2-10FC-464E-BA43-3BBAFD7E987E}.apatotski|Any CPU.ActiveCfg = release|Any CPU
		{6CF21DD2-10FC-464E-BA43-3BBAFD7E987E}.apatotski|Any CPU.Build.0 = release|Any CPU
		{6CF21DD2-10FC-464E-BA43-3BBAFD7E987E}.apatotski|Mixed Platforms.ActiveCfg = release|Any CPU
		{6CF21DD2-10FC-464E-BA43-3BBAFD7E987E}.apatotski|Mixed Platforms.Build.0 = release|Any CPU
		{6CF21DD2-10FC-464E-BA43-3BBAFD7E987E}.apatotski|x86.ActiveCfg = release|Any CPU
		{6CF21DD2-10FC-464E-BA43-3BBAFD7E987E}.buildserver|Any CPU.ActiveCfg = buildserver|Any CPU
		{6CF21DD2-10FC-464E-BA43-3BBAFD7E987E}.buildserver|Any CPU.Build.0 = buildserver|Any CPU
		{6CF21DD2-10FC-464E-BA43-3BBAFD7E987E}.buildserver|Mixed Platforms.ActiveCfg = buildserver|Any CPU
		{6CF21DD2-10FC-464E-BA43-3BBAFD7E987E}.buildserver|Mixed Platforms.Build.0 = buildserver|Any CPU
		{6CF21DD2-10FC-464E-BA43-3BBAFD7E987E}.buildserver|x86.ActiveCfg = buildserver|Any CPU
		{6CF21DD2-10FC-464E-BA43-3BBAFD7E987E}.Debug|Any CPU.ActiveCfg = Debug|Any CPU
		{6CF21DD2-10FC-464E-BA43-3BBAFD7E987E}.Debug|Any CPU.Build.0 = Debug|Any CPU
		{6CF21DD2-10FC-464E-BA43-3BBAFD7E987E}.Debug|Mixed Platforms.ActiveCfg = Debug|Any CPU
		{6CF21DD2-10FC-464E-BA43-3BBAFD7E987E}.Debug|Mixed Platforms.Build.0 = Debug|Any CPU
		{6CF21DD2-10FC-464E-BA43-3BBAFD7E987E}.Debug|x86.ActiveCfg = Debug|Any CPU
		{6CF21DD2-10FC-464E-BA43-3BBAFD7E987E}.kisialiou|Any CPU.ActiveCfg = release|Any CPU
		{6CF21DD2-10FC-464E-BA43-3BBAFD7E987E}.kisialiou|Any CPU.Build.0 = release|Any CPU
		{6CF21DD2-10FC-464E-BA43-3BBAFD7E987E}.kisialiou|Mixed Platforms.ActiveCfg = release|Any CPU
		{6CF21DD2-10FC-464E-BA43-3BBAFD7E987E}.kisialiou|Mixed Platforms.Build.0 = release|Any CPU
		{6CF21DD2-10FC-464E-BA43-3BBAFD7E987E}.kisialiou|x86.ActiveCfg = release|Any CPU
		{6CF21DD2-10FC-464E-BA43-3BBAFD7E987E}.release|Any CPU.ActiveCfg = release|Any CPU
		{6CF21DD2-10FC-464E-BA43-3BBAFD7E987E}.release|Any CPU.Build.0 = release|Any CPU
		{6CF21DD2-10FC-464E-BA43-3BBAFD7E987E}.release|Mixed Platforms.ActiveCfg = release|Any CPU
		{6CF21DD2-10FC-464E-BA43-3BBAFD7E987E}.release|Mixed Platforms.Build.0 = release|Any CPU
		{6CF21DD2-10FC-464E-BA43-3BBAFD7E987E}.release|x86.ActiveCfg = release|Any CPU
		{03BB2B46-0A36-4A3B-94E7-63B7FF2910C6}.apatotski|Any CPU.ActiveCfg = apatotski|Any CPU
		{03BB2B46-0A36-4A3B-94E7-63B7FF2910C6}.apatotski|Any CPU.Build.0 = apatotski|Any CPU
		{03BB2B46-0A36-4A3B-94E7-63B7FF2910C6}.apatotski|Mixed Platforms.ActiveCfg = apatotski|Any CPU
		{03BB2B46-0A36-4A3B-94E7-63B7FF2910C6}.apatotski|Mixed Platforms.Build.0 = apatotski|Any CPU
		{03BB2B46-0A36-4A3B-94E7-63B7FF2910C6}.apatotski|x86.ActiveCfg = apatotski|Any CPU
		{03BB2B46-0A36-4A3B-94E7-63B7FF2910C6}.buildserver|Any CPU.ActiveCfg = buildserver|Any CPU
		{03BB2B46-0A36-4A3B-94E7-63B7FF2910C6}.buildserver|Any CPU.Build.0 = buildserver|Any CPU
		{03BB2B46-0A36-4A3B-94E7-63B7FF2910C6}.buildserver|Mixed Platforms.ActiveCfg = buildserver|Any CPU
		{03BB2B46-0A36-4A3B-94E7-63B7FF2910C6}.buildserver|Mixed Platforms.Build.0 = buildserver|Any CPU
		{03BB2B46-0A36-4A3B-94E7-63B7FF2910C6}.buildserver|x86.ActiveCfg = buildserver|Any CPU
		{03BB2B46-0A36-4A3B-94E7-63B7FF2910C6}.Debug|Any CPU.ActiveCfg = Debug|Any CPU
		{03BB2B46-0A36-4A3B-94E7-63B7FF2910C6}.Debug|Any CPU.Build.0 = Debug|Any CPU
		{03BB2B46-0A36-4A3B-94E7-63B7FF2910C6}.Debug|Mixed Platforms.ActiveCfg = Debug|Any CPU
		{03BB2B46-0A36-4A3B-94E7-63B7FF2910C6}.Debug|Mixed Platforms.Build.0 = Debug|Any CPU
		{03BB2B46-0A36-4A3B-94E7-63B7FF2910C6}.Debug|x86.ActiveCfg = Debug|Any CPU
		{03BB2B46-0A36-4A3B-94E7-63B7FF2910C6}.kisialiou|Any CPU.ActiveCfg = kisialiou|Any CPU
		{03BB2B46-0A36-4A3B-94E7-63B7FF2910C6}.kisialiou|Any CPU.Build.0 = kisialiou|Any CPU
		{03BB2B46-0A36-4A3B-94E7-63B7FF2910C6}.kisialiou|Mixed Platforms.ActiveCfg = kisialiou|Any CPU
		{03BB2B46-0A36-4A3B-94E7-63B7FF2910C6}.kisialiou|Mixed Platforms.Build.0 = kisialiou|Any CPU
		{03BB2B46-0A36-4A3B-94E7-63B7FF2910C6}.kisialiou|x86.ActiveCfg = kisialiou|Any CPU
		{03BB2B46-0A36-4A3B-94E7-63B7FF2910C6}.release|Any CPU.ActiveCfg = release|Any CPU
		{03BB2B46-0A36-4A3B-94E7-63B7FF2910C6}.release|Any CPU.Build.0 = release|Any CPU
		{03BB2B46-0A36-4A3B-94E7-63B7FF2910C6}.release|Mixed Platforms.ActiveCfg = release|Any CPU
		{03BB2B46-0A36-4A3B-94E7-63B7FF2910C6}.release|Mixed Platforms.Build.0 = release|Any CPU
		{03BB2B46-0A36-4A3B-94E7-63B7FF2910C6}.release|x86.ActiveCfg = release|Any CPU
		{A6F4397E-1C16-4CFA-B089-B054FF6285ED}.apatotski|Any CPU.ActiveCfg = release|Any CPU
		{A6F4397E-1C16-4CFA-B089-B054FF6285ED}.apatotski|Any CPU.Build.0 = release|Any CPU
		{A6F4397E-1C16-4CFA-B089-B054FF6285ED}.apatotski|Mixed Platforms.ActiveCfg = release|Any CPU
		{A6F4397E-1C16-4CFA-B089-B054FF6285ED}.apatotski|Mixed Platforms.Build.0 = release|Any CPU
		{A6F4397E-1C16-4CFA-B089-B054FF6285ED}.apatotski|x86.ActiveCfg = release|Any CPU
		{A6F4397E-1C16-4CFA-B089-B054FF6285ED}.buildserver|Any CPU.ActiveCfg = buildserver|Any CPU
		{A6F4397E-1C16-4CFA-B089-B054FF6285ED}.buildserver|Any CPU.Build.0 = buildserver|Any CPU
		{A6F4397E-1C16-4CFA-B089-B054FF6285ED}.buildserver|Mixed Platforms.ActiveCfg = buildserver|Any CPU
		{A6F4397E-1C16-4CFA-B089-B054FF6285ED}.buildserver|Mixed Platforms.Build.0 = buildserver|Any CPU
		{A6F4397E-1C16-4CFA-B089-B054FF6285ED}.buildserver|x86.ActiveCfg = buildserver|Any CPU
		{A6F4397E-1C16-4CFA-B089-B054FF6285ED}.Debug|Any CPU.ActiveCfg = Debug|Any CPU
		{A6F4397E-1C16-4CFA-B089-B054FF6285ED}.Debug|Any CPU.Build.0 = Debug|Any CPU
		{A6F4397E-1C16-4CFA-B089-B054FF6285ED}.Debug|Mixed Platforms.ActiveCfg = Debug|Any CPU
		{A6F4397E-1C16-4CFA-B089-B054FF6285ED}.Debug|Mixed Platforms.Build.0 = Debug|Any CPU
		{A6F4397E-1C16-4CFA-B089-B054FF6285ED}.Debug|x86.ActiveCfg = Debug|Any CPU
		{A6F4397E-1C16-4CFA-B089-B054FF6285ED}.kisialiou|Any CPU.ActiveCfg = release|Any CPU
		{A6F4397E-1C16-4CFA-B089-B054FF6285ED}.kisialiou|Any CPU.Build.0 = release|Any CPU
		{A6F4397E-1C16-4CFA-B089-B054FF6285ED}.kisialiou|Mixed Platforms.ActiveCfg = release|Any CPU
		{A6F4397E-1C16-4CFA-B089-B054FF6285ED}.kisialiou|Mixed Platforms.Build.0 = release|Any CPU
		{A6F4397E-1C16-4CFA-B089-B054FF6285ED}.kisialiou|x86.ActiveCfg = release|Any CPU
		{A6F4397E-1C16-4CFA-B089-B054FF6285ED}.release|Any CPU.ActiveCfg = release|Any CPU
		{A6F4397E-1C16-4CFA-B089-B054FF6285ED}.release|Any CPU.Build.0 = release|Any CPU
		{A6F4397E-1C16-4CFA-B089-B054FF6285ED}.release|Mixed Platforms.ActiveCfg = release|Any CPU
		{A6F4397E-1C16-4CFA-B089-B054FF6285ED}.release|Mixed Platforms.Build.0 = release|Any CPU
		{A6F4397E-1C16-4CFA-B089-B054FF6285ED}.release|x86.ActiveCfg = release|Any CPU
		{D3000924-6685-44F3-AA83-942ED5339652}.apatotski|Any CPU.ActiveCfg = release|Any CPU
		{D3000924-6685-44F3-AA83-942ED5339652}.apatotski|Any CPU.Build.0 = release|Any CPU
		{D3000924-6685-44F3-AA83-942ED5339652}.apatotski|Mixed Platforms.ActiveCfg = release|Any CPU
		{D3000924-6685-44F3-AA83-942ED5339652}.apatotski|Mixed Platforms.Build.0 = release|Any CPU
		{D3000924-6685-44F3-AA83-942ED5339652}.apatotski|x86.ActiveCfg = release|Any CPU
		{D3000924-6685-44F3-AA83-942ED5339652}.buildserver|Any CPU.ActiveCfg = buildserver|Any CPU
		{D3000924-6685-44F3-AA83-942ED5339652}.buildserver|Any CPU.Build.0 = buildserver|Any CPU
		{D3000924-6685-44F3-AA83-942ED5339652}.buildserver|Mixed Platforms.ActiveCfg = buildserver|Any CPU
		{D3000924-6685-44F3-AA83-942ED5339652}.buildserver|Mixed Platforms.Build.0 = buildserver|Any CPU
		{D3000924-6685-44F3-AA83-942ED5339652}.buildserver|x86.ActiveCfg = buildserver|Any CPU
		{D3000924-6685-44F3-AA83-942ED5339652}.Debug|Any CPU.ActiveCfg = Debug|Any CPU
		{D3000924-6685-44F3-AA83-942ED5339652}.Debug|Any CPU.Build.0 = Debug|Any CPU
		{D3000924-6685-44F3-AA83-942ED5339652}.Debug|Mixed Platforms.ActiveCfg = Debug|Any CPU
		{D3000924-6685-44F3-AA83-942ED5339652}.Debug|Mixed Platforms.Build.0 = Debug|Any CPU
		{D3000924-6685-44F3-AA83-942ED5339652}.Debug|x86.ActiveCfg = Debug|Any CPU
		{D3000924-6685-44F3-AA83-942ED5339652}.kisialiou|Any CPU.ActiveCfg = release|Any CPU
		{D3000924-6685-44F3-AA83-942ED5339652}.kisialiou|Any CPU.Build.0 = release|Any CPU
		{D3000924-6685-44F3-AA83-942ED5339652}.kisialiou|Mixed Platforms.ActiveCfg = release|Any CPU
		{D3000924-6685-44F3-AA83-942ED5339652}.kisialiou|Mixed Platforms.Build.0 = release|Any CPU
		{D3000924-6685-44F3-AA83-942ED5339652}.kisialiou|x86.ActiveCfg = release|Any CPU
		{D3000924-6685-44F3-AA83-942ED5339652}.release|Any CPU.ActiveCfg = release|Any CPU
		{D3000924-6685-44F3-AA83-942ED5339652}.release|Any CPU.Build.0 = release|Any CPU
		{D3000924-6685-44F3-AA83-942ED5339652}.release|Mixed Platforms.ActiveCfg = release|Any CPU
		{D3000924-6685-44F3-AA83-942ED5339652}.release|Mixed Platforms.Build.0 = release|Any CPU
		{D3000924-6685-44F3-AA83-942ED5339652}.release|x86.ActiveCfg = release|Any CPU
		{F706A097-2C92-472E-A7EC-7D4323588C5F}.apatotski|Any CPU.ActiveCfg = release|Any CPU
		{F706A097-2C92-472E-A7EC-7D4323588C5F}.apatotski|Any CPU.Build.0 = release|Any CPU
		{F706A097-2C92-472E-A7EC-7D4323588C5F}.apatotski|Mixed Platforms.ActiveCfg = release|Any CPU
		{F706A097-2C92-472E-A7EC-7D4323588C5F}.apatotski|Mixed Platforms.Build.0 = release|Any CPU
		{F706A097-2C92-472E-A7EC-7D4323588C5F}.apatotski|x86.ActiveCfg = release|Any CPU
		{F706A097-2C92-472E-A7EC-7D4323588C5F}.buildserver|Any CPU.ActiveCfg = buildserver|Any CPU
		{F706A097-2C92-472E-A7EC-7D4323588C5F}.buildserver|Any CPU.Build.0 = buildserver|Any CPU
		{F706A097-2C92-472E-A7EC-7D4323588C5F}.buildserver|Mixed Platforms.ActiveCfg = buildserver|Any CPU
		{F706A097-2C92-472E-A7EC-7D4323588C5F}.buildserver|Mixed Platforms.Build.0 = buildserver|Any CPU
		{F706A097-2C92-472E-A7EC-7D4323588C5F}.buildserver|x86.ActiveCfg = buildserver|Any CPU
		{F706A097-2C92-472E-A7EC-7D4323588C5F}.Debug|Any CPU.ActiveCfg = Debug|Any CPU
		{F706A097-2C92-472E-A7EC-7D4323588C5F}.Debug|Any CPU.Build.0 = Debug|Any CPU
		{F706A097-2C92-472E-A7EC-7D4323588C5F}.Debug|Mixed Platforms.ActiveCfg = Debug|Any CPU
		{F706A097-2C92-472E-A7EC-7D4323588C5F}.Debug|Mixed Platforms.Build.0 = Debug|Any CPU
		{F706A097-2C92-472E-A7EC-7D4323588C5F}.Debug|x86.ActiveCfg = Debug|Any CPU
		{F706A097-2C92-472E-A7EC-7D4323588C5F}.kisialiou|Any CPU.ActiveCfg = release|Any CPU
		{F706A097-2C92-472E-A7EC-7D4323588C5F}.kisialiou|Any CPU.Build.0 = release|Any CPU
		{F706A097-2C92-472E-A7EC-7D4323588C5F}.kisialiou|Mixed Platforms.ActiveCfg = release|Any CPU
		{F706A097-2C92-472E-A7EC-7D4323588C5F}.kisialiou|Mixed Platforms.Build.0 = release|Any CPU
		{F706A097-2C92-472E-A7EC-7D4323588C5F}.kisialiou|x86.ActiveCfg = release|Any CPU
		{F706A097-2C92-472E-A7EC-7D4323588C5F}.release|Any CPU.ActiveCfg = release|Any CPU
		{F706A097-2C92-472E-A7EC-7D4323588C5F}.release|Any CPU.Build.0 = release|Any CPU
		{F706A097-2C92-472E-A7EC-7D4323588C5F}.release|Mixed Platforms.ActiveCfg = release|Any CPU
		{F706A097-2C92-472E-A7EC-7D4323588C5F}.release|Mixed Platforms.Build.0 = release|Any CPU
		{F706A097-2C92-472E-A7EC-7D4323588C5F}.release|x86.ActiveCfg = release|Any CPU
		{570FDECB-1DCC-4986-9034-2CE2B67162C0}.apatotski|Any CPU.ActiveCfg = release|Any CPU
		{570FDECB-1DCC-4986-9034-2CE2B67162C0}.apatotski|Any CPU.Build.0 = release|Any CPU
		{570FDECB-1DCC-4986-9034-2CE2B67162C0}.apatotski|Mixed Platforms.ActiveCfg = release|Any CPU
		{570FDECB-1DCC-4986-9034-2CE2B67162C0}.apatotski|Mixed Platforms.Build.0 = release|Any CPU
		{570FDECB-1DCC-4986-9034-2CE2B67162C0}.apatotski|x86.ActiveCfg = release|Any CPU
		{570FDECB-1DCC-4986-9034-2CE2B67162C0}.buildserver|Any CPU.ActiveCfg = buildserver|Any CPU
		{570FDECB-1DCC-4986-9034-2CE2B67162C0}.buildserver|Any CPU.Build.0 = buildserver|Any CPU
		{570FDECB-1DCC-4986-9034-2CE2B67162C0}.buildserver|Mixed Platforms.ActiveCfg = buildserver|Any CPU
		{570FDECB-1DCC-4986-9034-2CE2B67162C0}.buildserver|Mixed Platforms.Build.0 = buildserver|Any CPU
		{570FDECB-1DCC-4986-9034-2CE2B67162C0}.buildserver|x86.ActiveCfg = buildserver|Any CPU
		{570FDECB-1DCC-4986-9034-2CE2B67162C0}.Debug|Any CPU.ActiveCfg = Debug|Any CPU
		{570FDECB-1DCC-4986-9034-2CE2B67162C0}.Debug|Any CPU.Build.0 = Debug|Any CPU
		{570FDECB-1DCC-4986-9034-2CE2B67162C0}.Debug|Mixed Platforms.ActiveCfg = Debug|Any CPU
		{570FDECB-1DCC-4986-9034-2CE2B67162C0}.Debug|Mixed Platforms.Build.0 = Debug|Any CPU
		{570FDECB-1DCC-4986-9034-2CE2B67162C0}.Debug|x86.ActiveCfg = Debug|Any CPU
		{570FDECB-1DCC-4986-9034-2CE2B67162C0}.kisialiou|Any CPU.ActiveCfg = release|Any CPU
		{570FDECB-1DCC-4986-9034-2CE2B67162C0}.kisialiou|Any CPU.Build.0 = release|Any CPU
		{570FDECB-1DCC-4986-9034-2CE2B67162C0}.kisialiou|Mixed Platforms.ActiveCfg = release|Any CPU
		{570FDECB-1DCC-4986-9034-2CE2B67162C0}.kisialiou|Mixed Platforms.Build.0 = release|Any CPU
		{570FDECB-1DCC-4986-9034-2CE2B67162C0}.kisialiou|x86.ActiveCfg = release|Any CPU
		{570FDECB-1DCC-4986-9034-2CE2B67162C0}.release|Any CPU.ActiveCfg = release|Any CPU
		{570FDECB-1DCC-4986-9034-2CE2B67162C0}.release|Any CPU.Build.0 = release|Any CPU
		{570FDECB-1DCC-4986-9034-2CE2B67162C0}.release|Mixed Platforms.ActiveCfg = release|Any CPU
		{570FDECB-1DCC-4986-9034-2CE2B67162C0}.release|Mixed Platforms.Build.0 = release|Any CPU
		{570FDECB-1DCC-4986-9034-2CE2B67162C0}.release|x86.ActiveCfg = release|Any CPU
		{30064507-3B41-4E0D-99A0-C559476607F2}.apatotski|Any CPU.ActiveCfg = release|Any CPU
		{30064507-3B41-4E0D-99A0-C559476607F2}.apatotski|Any CPU.Build.0 = release|Any CPU
		{30064507-3B41-4E0D-99A0-C559476607F2}.apatotski|Mixed Platforms.ActiveCfg = release|Any CPU
		{30064507-3B41-4E0D-99A0-C559476607F2}.apatotski|Mixed Platforms.Build.0 = release|Any CPU
		{30064507-3B41-4E0D-99A0-C559476607F2}.apatotski|x86.ActiveCfg = release|Any CPU
		{30064507-3B41-4E0D-99A0-C559476607F2}.buildserver|Any CPU.ActiveCfg = buildserver|Any CPU
		{30064507-3B41-4E0D-99A0-C559476607F2}.buildserver|Any CPU.Build.0 = buildserver|Any CPU
		{30064507-3B41-4E0D-99A0-C559476607F2}.buildserver|Mixed Platforms.ActiveCfg = buildserver|Any CPU
		{30064507-3B41-4E0D-99A0-C559476607F2}.buildserver|Mixed Platforms.Build.0 = buildserver|Any CPU
		{30064507-3B41-4E0D-99A0-C559476607F2}.buildserver|x86.ActiveCfg = buildserver|Any CPU
		{30064507-3B41-4E0D-99A0-C559476607F2}.Debug|Any CPU.ActiveCfg = Debug|Any CPU
		{30064507-3B41-4E0D-99A0-C559476607F2}.Debug|Any CPU.Build.0 = Debug|Any CPU
		{30064507-3B41-4E0D-99A0-C559476607F2}.Debug|Mixed Platforms.ActiveCfg = Debug|Any CPU
		{30064507-3B41-4E0D-99A0-C559476607F2}.Debug|Mixed Platforms.Build.0 = Debug|Any CPU
		{30064507-3B41-4E0D-99A0-C559476607F2}.Debug|x86.ActiveCfg = Debug|Any CPU
		{30064507-3B41-4E0D-99A0-C559476607F2}.kisialiou|Any CPU.ActiveCfg = release|Any CPU
		{30064507-3B41-4E0D-99A0-C559476607F2}.kisialiou|Any CPU.Build.0 = release|Any CPU
		{30064507-3B41-4E0D-99A0-C559476607F2}.kisialiou|Mixed Platforms.ActiveCfg = release|Any CPU
		{30064507-3B41-4E0D-99A0-C559476607F2}.kisialiou|Mixed Platforms.Build.0 = release|Any CPU
		{30064507-3B41-4E0D-99A0-C559476607F2}.kisialiou|x86.ActiveCfg = release|Any CPU
		{30064507-3B41-4E0D-99A0-C559476607F2}.release|Any CPU.ActiveCfg = release|Any CPU
		{30064507-3B41-4E0D-99A0-C559476607F2}.release|Any CPU.Build.0 = release|Any CPU
		{30064507-3B41-4E0D-99A0-C559476607F2}.release|Mixed Platforms.ActiveCfg = release|Any CPU
		{30064507-3B41-4E0D-99A0-C559476607F2}.release|Mixed Platforms.Build.0 = release|Any CPU
		{30064507-3B41-4E0D-99A0-C559476607F2}.release|x86.ActiveCfg = release|Any CPU
		{27BFCE95-A038-4D28-B1F6-CCFE953559E1}.apatotski|Any CPU.ActiveCfg = release|Any CPU
		{27BFCE95-A038-4D28-B1F6-CCFE953559E1}.apatotski|Any CPU.Build.0 = release|Any CPU
		{27BFCE95-A038-4D28-B1F6-CCFE953559E1}.apatotski|Mixed Platforms.ActiveCfg = release|Any CPU
		{27BFCE95-A038-4D28-B1F6-CCFE953559E1}.apatotski|Mixed Platforms.Build.0 = release|Any CPU
		{27BFCE95-A038-4D28-B1F6-CCFE953559E1}.apatotski|x86.ActiveCfg = release|Any CPU
		{27BFCE95-A038-4D28-B1F6-CCFE953559E1}.buildserver|Any CPU.ActiveCfg = buildserver|Any CPU
		{27BFCE95-A038-4D28-B1F6-CCFE953559E1}.buildserver|Any CPU.Build.0 = buildserver|Any CPU
		{27BFCE95-A038-4D28-B1F6-CCFE953559E1}.buildserver|Mixed Platforms.ActiveCfg = buildserver|Any CPU
		{27BFCE95-A038-4D28-B1F6-CCFE953559E1}.buildserver|Mixed Platforms.Build.0 = buildserver|Any CPU
		{27BFCE95-A038-4D28-B1F6-CCFE953559E1}.buildserver|x86.ActiveCfg = buildserver|Any CPU
		{27BFCE95-A038-4D28-B1F6-CCFE953559E1}.Debug|Any CPU.ActiveCfg = Debug|Any CPU
		{27BFCE95-A038-4D28-B1F6-CCFE953559E1}.Debug|Any CPU.Build.0 = Debug|Any CPU
		{27BFCE95-A038-4D28-B1F6-CCFE953559E1}.Debug|Mixed Platforms.ActiveCfg = Debug|Any CPU
		{27BFCE95-A038-4D28-B1F6-CCFE953559E1}.Debug|Mixed Platforms.Build.0 = Debug|Any CPU
		{27BFCE95-A038-4D28-B1F6-CCFE953559E1}.Debug|x86.ActiveCfg = Debug|Any CPU
		{27BFCE95-A038-4D28-B1F6-CCFE953559E1}.kisialiou|Any CPU.ActiveCfg = release|Any CPU
		{27BFCE95-A038-4D28-B1F6-CCFE953559E1}.kisialiou|Any CPU.Build.0 = release|Any CPU
		{27BFCE95-A038-4D28-B1F6-CCFE953559E1}.kisialiou|Mixed Platforms.ActiveCfg = release|Any CPU
		{27BFCE95-A038-4D28-B1F6-CCFE953559E1}.kisialiou|Mixed Platforms.Build.0 = release|Any CPU
		{27BFCE95-A038-4D28-B1F6-CCFE953559E1}.kisialiou|x86.ActiveCfg = release|Any CPU
		{27BFCE95-A038-4D28-B1F6-CCFE953559E1}.release|Any CPU.ActiveCfg = release|Any CPU
		{27BFCE95-A038-4D28-B1F6-CCFE953559E1}.release|Any CPU.Build.0 = release|Any CPU
		{27BFCE95-A038-4D28-B1F6-CCFE953559E1}.release|Mixed Platforms.ActiveCfg = release|Any CPU
		{27BFCE95-A038-4D28-B1F6-CCFE953559E1}.release|Mixed Platforms.Build.0 = release|Any CPU
		{27BFCE95-A038-4D28-B1F6-CCFE953559E1}.release|x86.ActiveCfg = release|Any CPU
		{7F396DDA-397F-458A-871A-CAE4DCC04B40}.apatotski|Any CPU.ActiveCfg = release|Any CPU
		{7F396DDA-397F-458A-871A-CAE4DCC04B40}.apatotski|Any CPU.Build.0 = release|Any CPU
		{7F396DDA-397F-458A-871A-CAE4DCC04B40}.apatotski|Mixed Platforms.ActiveCfg = release|Any CPU
		{7F396DDA-397F-458A-871A-CAE4DCC04B40}.apatotski|Mixed Platforms.Build.0 = release|Any CPU
		{7F396DDA-397F-458A-871A-CAE4DCC04B40}.apatotski|x86.ActiveCfg = release|Any CPU
		{7F396DDA-397F-458A-871A-CAE4DCC04B40}.buildserver|Any CPU.ActiveCfg = buildserver|Any CPU
		{7F396DDA-397F-458A-871A-CAE4DCC04B40}.buildserver|Any CPU.Build.0 = buildserver|Any CPU
		{7F396DDA-397F-458A-871A-CAE4DCC04B40}.buildserver|Mixed Platforms.ActiveCfg = buildserver|Any CPU
		{7F396DDA-397F-458A-871A-CAE4DCC04B40}.buildserver|Mixed Platforms.Build.0 = buildserver|Any CPU
		{7F396DDA-397F-458A-871A-CAE4DCC04B40}.buildserver|x86.ActiveCfg = buildserver|Any CPU
		{7F396DDA-397F-458A-871A-CAE4DCC04B40}.Debug|Any CPU.ActiveCfg = Debug|Any CPU
		{7F396DDA-397F-458A-871A-CAE4DCC04B40}.Debug|Any CPU.Build.0 = Debug|Any CPU
		{7F396DDA-397F-458A-871A-CAE4DCC04B40}.Debug|Mixed Platforms.ActiveCfg = Debug|Any CPU
		{7F396DDA-397F-458A-871A-CAE4DCC04B40}.Debug|Mixed Platforms.Build.0 = Debug|Any CPU
		{7F396DDA-397F-458A-871A-CAE4DCC04B40}.Debug|x86.ActiveCfg = Debug|Any CPU
		{7F396DDA-397F-458A-871A-CAE4DCC04B40}.kisialiou|Any CPU.ActiveCfg = release|Any CPU
		{7F396DDA-397F-458A-871A-CAE4DCC04B40}.kisialiou|Any CPU.Build.0 = release|Any CPU
		{7F396DDA-397F-458A-871A-CAE4DCC04B40}.kisialiou|Mixed Platforms.ActiveCfg = release|Any CPU
		{7F396DDA-397F-458A-871A-CAE4DCC04B40}.kisialiou|Mixed Platforms.Build.0 = release|Any CPU
		{7F396DDA-397F-458A-871A-CAE4DCC04B40}.kisialiou|x86.ActiveCfg = release|Any CPU
		{7F396DDA-397F-458A-871A-CAE4DCC04B40}.release|Any CPU.ActiveCfg = release|Any CPU
		{7F396DDA-397F-458A-871A-CAE4DCC04B40}.release|Any CPU.Build.0 = release|Any CPU
		{7F396DDA-397F-458A-871A-CAE4DCC04B40}.release|Mixed Platforms.ActiveCfg = release|Any CPU
		{7F396DDA-397F-458A-871A-CAE4DCC04B40}.release|Mixed Platforms.Build.0 = release|Any CPU
		{7F396DDA-397F-458A-871A-CAE4DCC04B40}.release|x86.ActiveCfg = release|Any CPU
		{92FF7ACE-C287-4CC5-9A5F-03F3060AEBBC}.apatotski|Any CPU.ActiveCfg = Debug|x86
		{92FF7ACE-C287-4CC5-9A5F-03F3060AEBBC}.apatotski|Mixed Platforms.ActiveCfg = Debug|x86
		{92FF7ACE-C287-4CC5-9A5F-03F3060AEBBC}.apatotski|x86.ActiveCfg = Debug|x86
		{92FF7ACE-C287-4CC5-9A5F-03F3060AEBBC}.buildserver|Any CPU.ActiveCfg = Release|x86
		{92FF7ACE-C287-4CC5-9A5F-03F3060AEBBC}.buildserver|Mixed Platforms.ActiveCfg = Release|x86
		{92FF7ACE-C287-4CC5-9A5F-03F3060AEBBC}.buildserver|x86.ActiveCfg = Release|x86
		{92FF7ACE-C287-4CC5-9A5F-03F3060AEBBC}.Debug|Any CPU.ActiveCfg = Debug|x86
		{92FF7ACE-C287-4CC5-9A5F-03F3060AEBBC}.Debug|Mixed Platforms.ActiveCfg = Debug|x86
		{92FF7ACE-C287-4CC5-9A5F-03F3060AEBBC}.Debug|x86.ActiveCfg = Debug|x86
		{92FF7ACE-C287-4CC5-9A5F-03F3060AEBBC}.kisialiou|Any CPU.ActiveCfg = Debug|x86
		{92FF7ACE-C287-4CC5-9A5F-03F3060AEBBC}.kisialiou|Mixed Platforms.ActiveCfg = Debug|x86
		{92FF7ACE-C287-4CC5-9A5F-03F3060AEBBC}.kisialiou|x86.ActiveCfg = Debug|x86
		{92FF7ACE-C287-4CC5-9A5F-03F3060AEBBC}.release|Any CPU.ActiveCfg = Release|x86
		{92FF7ACE-C287-4CC5-9A5F-03F3060AEBBC}.release|Mixed Platforms.ActiveCfg = Release|x86
		{92FF7ACE-C287-4CC5-9A5F-03F3060AEBBC}.release|x86.ActiveCfg = Release|x86
		{367380D8-4DCA-42AC-9857-B2C55A48B5AB}.apatotski|Any CPU.ActiveCfg = Debug|x86
		{367380D8-4DCA-42AC-9857-B2C55A48B5AB}.apatotski|Mixed Platforms.ActiveCfg = Debug|x86
		{367380D8-4DCA-42AC-9857-B2C55A48B5AB}.apatotski|x86.ActiveCfg = Debug|x86
		{367380D8-4DCA-42AC-9857-B2C55A48B5AB}.buildserver|Any CPU.ActiveCfg = Release|x86
		{367380D8-4DCA-42AC-9857-B2C55A48B5AB}.buildserver|Mixed Platforms.ActiveCfg = Release|x86
		{367380D8-4DCA-42AC-9857-B2C55A48B5AB}.buildserver|x86.ActiveCfg = Release|x86
		{367380D8-4DCA-42AC-9857-B2C55A48B5AB}.Debug|Any CPU.ActiveCfg = Debug|x86
		{367380D8-4DCA-42AC-9857-B2C55A48B5AB}.Debug|Mixed Platforms.ActiveCfg = Debug|x86
		{367380D8-4DCA-42AC-9857-B2C55A48B5AB}.Debug|x86.ActiveCfg = Debug|x86
		{367380D8-4DCA-42AC-9857-B2C55A48B5AB}.kisialiou|Any CPU.ActiveCfg = Debug|x86
		{367380D8-4DCA-42AC-9857-B2C55A48B5AB}.kisialiou|Mixed Platforms.ActiveCfg = Debug|x86
		{367380D8-4DCA-42AC-9857-B2C55A48B5AB}.kisialiou|x86.ActiveCfg = Debug|x86
		{367380D8-4DCA-42AC-9857-B2C55A48B5AB}.release|Any CPU.ActiveCfg = Release|x86
		{367380D8-4DCA-42AC-9857-B2C55A48B5AB}.release|Mixed Platforms.ActiveCfg = Release|x86
		{367380D8-4DCA-42AC-9857-B2C55A48B5AB}.release|x86.ActiveCfg = Release|x86
		{EBA8259E-730C-419A-8CA9-BE846A379F42}.apatotski|Any CPU.ActiveCfg = Release|Any CPU
		{EBA8259E-730C-419A-8CA9-BE846A379F42}.apatotski|Any CPU.Build.0 = Release|Any CPU
		{EBA8259E-730C-419A-8CA9-BE846A379F42}.apatotski|Mixed Platforms.ActiveCfg = Release|Any CPU
		{EBA8259E-730C-419A-8CA9-BE846A379F42}.apatotski|Mixed Platforms.Build.0 = Release|Any CPU
		{EBA8259E-730C-419A-8CA9-BE846A379F42}.apatotski|x86.ActiveCfg = Release|Any CPU
		{EBA8259E-730C-419A-8CA9-BE846A379F42}.buildserver|Any CPU.ActiveCfg = Release|Any CPU
		{EBA8259E-730C-419A-8CA9-BE846A379F42}.buildserver|Any CPU.Build.0 = Release|Any CPU
		{EBA8259E-730C-419A-8CA9-BE846A379F42}.buildserver|Mixed Platforms.ActiveCfg = Release|Any CPU
		{EBA8259E-730C-419A-8CA9-BE846A379F42}.buildserver|Mixed Platforms.Build.0 = Release|Any CPU
		{EBA8259E-730C-419A-8CA9-BE846A379F42}.buildserver|x86.ActiveCfg = Release|Any CPU
		{EBA8259E-730C-419A-8CA9-BE846A379F42}.Debug|Any CPU.ActiveCfg = Debug|Any CPU
		{EBA8259E-730C-419A-8CA9-BE846A379F42}.Debug|Any CPU.Build.0 = Debug|Any CPU
		{EBA8259E-730C-419A-8CA9-BE846A379F42}.Debug|Mixed Platforms.ActiveCfg = Debug|Any CPU
		{EBA8259E-730C-419A-8CA9-BE846A379F42}.Debug|Mixed Platforms.Build.0 = Debug|Any CPU
		{EBA8259E-730C-419A-8CA9-BE846A379F42}.Debug|x86.ActiveCfg = Debug|Any CPU
		{EBA8259E-730C-419A-8CA9-BE846A379F42}.kisialiou|Any CPU.ActiveCfg = Release|Any CPU
		{EBA8259E-730C-419A-8CA9-BE846A379F42}.kisialiou|Any CPU.Build.0 = Release|Any CPU
		{EBA8259E-730C-419A-8CA9-BE846A379F42}.kisialiou|Mixed Platforms.ActiveCfg = Release|Any CPU
		{EBA8259E-730C-419A-8CA9-BE846A379F42}.kisialiou|Mixed Platforms.Build.0 = Release|Any CPU
		{EBA8259E-730C-419A-8CA9-BE846A379F42}.kisialiou|x86.ActiveCfg = Release|Any CPU
		{EBA8259E-730C-419A-8CA9-BE846A379F42}.release|Any CPU.ActiveCfg = Release|Any CPU
		{EBA8259E-730C-419A-8CA9-BE846A379F42}.release|Any CPU.Build.0 = Release|Any CPU
		{EBA8259E-730C-419A-8CA9-BE846A379F42}.release|Mixed Platforms.ActiveCfg = Release|Any CPU
		{EBA8259E-730C-419A-8CA9-BE846A379F42}.release|Mixed Platforms.Build.0 = Release|Any CPU
		{EBA8259E-730C-419A-8CA9-BE846A379F42}.release|x86.ActiveCfg = Release|Any CPU
		{E55E7AC1-709E-4FB2-A066-6DF3E3A1DABB}.apatotski|Any CPU.ActiveCfg = Release|Any CPU
		{E55E7AC1-709E-4FB2-A066-6DF3E3A1DABB}.apatotski|Any CPU.Build.0 = Release|Any CPU
		{E55E7AC1-709E-4FB2-A066-6DF3E3A1DABB}.apatotski|Mixed Platforms.ActiveCfg = Release|Any CPU
		{E55E7AC1-709E-4FB2-A066-6DF3E3A1DABB}.apatotski|Mixed Platforms.Build.0 = Release|Any CPU
		{E55E7AC1-709E-4FB2-A066-6DF3E3A1DABB}.apatotski|x86.ActiveCfg = Release|Any CPU
		{E55E7AC1-709E-4FB2-A066-6DF3E3A1DABB}.buildserver|Any CPU.ActiveCfg = Release|Any CPU
		{E55E7AC1-709E-4FB2-A066-6DF3E3A1DABB}.buildserver|Any CPU.Build.0 = Release|Any CPU
		{E55E7AC1-709E-4FB2-A066-6DF3E3A1DABB}.buildserver|Mixed Platforms.ActiveCfg = Release|Any CPU
		{E55E7AC1-709E-4FB2-A066-6DF3E3A1DABB}.buildserver|Mixed Platforms.Build.0 = Release|Any CPU
		{E55E7AC1-709E-4FB2-A066-6DF3E3A1DABB}.buildserver|x86.ActiveCfg = Release|Any CPU
		{E55E7AC1-709E-4FB2-A066-6DF3E3A1DABB}.Debug|Any CPU.ActiveCfg = Debug|Any CPU
		{E55E7AC1-709E-4FB2-A066-6DF3E3A1DABB}.Debug|Any CPU.Build.0 = Debug|Any CPU
		{E55E7AC1-709E-4FB2-A066-6DF3E3A1DABB}.Debug|Mixed Platforms.ActiveCfg = Debug|Any CPU
		{E55E7AC1-709E-4FB2-A066-6DF3E3A1DABB}.Debug|Mixed Platforms.Build.0 = Debug|Any CPU
		{E55E7AC1-709E-4FB2-A066-6DF3E3A1DABB}.Debug|x86.ActiveCfg = Debug|Any CPU
		{E55E7AC1-709E-4FB2-A066-6DF3E3A1DABB}.kisialiou|Any CPU.ActiveCfg = Release|Any CPU
		{E55E7AC1-709E-4FB2-A066-6DF3E3A1DABB}.kisialiou|Any CPU.Build.0 = Release|Any CPU
		{E55E7AC1-709E-4FB2-A066-6DF3E3A1DABB}.kisialiou|Mixed Platforms.ActiveCfg = Release|Any CPU
		{E55E7AC1-709E-4FB2-A066-6DF3E3A1DABB}.kisialiou|Mixed Platforms.Build.0 = Release|Any CPU
		{E55E7AC1-709E-4FB2-A066-6DF3E3A1DABB}.kisialiou|x86.ActiveCfg = Release|Any CPU
		{E55E7AC1-709E-4FB2-A066-6DF3E3A1DABB}.release|Any CPU.ActiveCfg = Release|Any CPU
		{E55E7AC1-709E-4FB2-A066-6DF3E3A1DABB}.release|Any CPU.Build.0 = Release|Any CPU
		{E55E7AC1-709E-4FB2-A066-6DF3E3A1DABB}.release|Mixed Platforms.ActiveCfg = Release|Any CPU
		{E55E7AC1-709E-4FB2-A066-6DF3E3A1DABB}.release|Mixed Platforms.Build.0 = Release|Any CPU
		{E55E7AC1-709E-4FB2-A066-6DF3E3A1DABB}.release|x86.ActiveCfg = Release|Any CPU
		{CFD899ED-1DD6-410D-A78A-18E92FE7825C}.apatotski|Any CPU.ActiveCfg = Release|Any CPU
		{CFD899ED-1DD6-410D-A78A-18E92FE7825C}.apatotski|Any CPU.Build.0 = Release|Any CPU
		{CFD899ED-1DD6-410D-A78A-18E92FE7825C}.apatotski|Mixed Platforms.ActiveCfg = Release|Any CPU
		{CFD899ED-1DD6-410D-A78A-18E92FE7825C}.apatotski|Mixed Platforms.Build.0 = Release|Any CPU
		{CFD899ED-1DD6-410D-A78A-18E92FE7825C}.apatotski|x86.ActiveCfg = Release|Any CPU
		{CFD899ED-1DD6-410D-A78A-18E92FE7825C}.buildserver|Any CPU.ActiveCfg = Release|Any CPU
		{CFD899ED-1DD6-410D-A78A-18E92FE7825C}.buildserver|Any CPU.Build.0 = Release|Any CPU
		{CFD899ED-1DD6-410D-A78A-18E92FE7825C}.buildserver|Mixed Platforms.ActiveCfg = Release|Any CPU
		{CFD899ED-1DD6-410D-A78A-18E92FE7825C}.buildserver|Mixed Platforms.Build.0 = Release|Any CPU
		{CFD899ED-1DD6-410D-A78A-18E92FE7825C}.buildserver|x86.ActiveCfg = Release|Any CPU
		{CFD899ED-1DD6-410D-A78A-18E92FE7825C}.Debug|Any CPU.ActiveCfg = Debug|Any CPU
		{CFD899ED-1DD6-410D-A78A-18E92FE7825C}.Debug|Any CPU.Build.0 = Debug|Any CPU
		{CFD899ED-1DD6-410D-A78A-18E92FE7825C}.Debug|Mixed Platforms.ActiveCfg = Debug|Any CPU
		{CFD899ED-1DD6-410D-A78A-18E92FE7825C}.Debug|Mixed Platforms.Build.0 = Debug|Any CPU
		{CFD899ED-1DD6-410D-A78A-18E92FE7825C}.Debug|x86.ActiveCfg = Debug|Any CPU
		{CFD899ED-1DD6-410D-A78A-18E92FE7825C}.kisialiou|Any CPU.ActiveCfg = Release|Any CPU
		{CFD899ED-1DD6-410D-A78A-18E92FE7825C}.kisialiou|Any CPU.Build.0 = Release|Any CPU
		{CFD899ED-1DD6-410D-A78A-18E92FE7825C}.kisialiou|Mixed Platforms.ActiveCfg = Release|Any CPU
		{CFD899ED-1DD6-410D-A78A-18E92FE7825C}.kisialiou|Mixed Platforms.Build.0 = Release|Any CPU
		{CFD899ED-1DD6-410D-A78A-18E92FE7825C}.kisialiou|x86.ActiveCfg = Release|Any CPU
		{CFD899ED-1DD6-410D-A78A-18E92FE7825C}.release|Any CPU.ActiveCfg = Release|Any CPU
		{CFD899ED-1DD6-410D-A78A-18E92FE7825C}.release|Any CPU.Build.0 = Release|Any CPU
		{CFD899ED-1DD6-410D-A78A-18E92FE7825C}.release|Mixed Platforms.ActiveCfg = Release|Any CPU
		{CFD899ED-1DD6-410D-A78A-18E92FE7825C}.release|Mixed Platforms.Build.0 = Release|Any CPU
		{CFD899ED-1DD6-410D-A78A-18E92FE7825C}.release|x86.ActiveCfg = Release|Any CPU
		{9FB5C5EB-BF75-4855-ACD9-6F61237AD259}.apatotski|Any CPU.ActiveCfg = Release|Any CPU
		{9FB5C5EB-BF75-4855-ACD9-6F61237AD259}.apatotski|Any CPU.Build.0 = Release|Any CPU
		{9FB5C5EB-BF75-4855-ACD9-6F61237AD259}.apatotski|Mixed Platforms.ActiveCfg = Release|Any CPU
		{9FB5C5EB-BF75-4855-ACD9-6F61237AD259}.apatotski|Mixed Platforms.Build.0 = Release|Any CPU
		{9FB5C5EB-BF75-4855-ACD9-6F61237AD259}.apatotski|x86.ActiveCfg = Release|Any CPU
		{9FB5C5EB-BF75-4855-ACD9-6F61237AD259}.buildserver|Any CPU.ActiveCfg = Release|Any CPU
		{9FB5C5EB-BF75-4855-ACD9-6F61237AD259}.buildserver|Any CPU.Build.0 = Release|Any CPU
		{9FB5C5EB-BF75-4855-ACD9-6F61237AD259}.buildserver|Mixed Platforms.ActiveCfg = Release|Any CPU
		{9FB5C5EB-BF75-4855-ACD9-6F61237AD259}.buildserver|Mixed Platforms.Build.0 = Release|Any CPU
		{9FB5C5EB-BF75-4855-ACD9-6F61237AD259}.buildserver|x86.ActiveCfg = Release|Any CPU
		{9FB5C5EB-BF75-4855-ACD9-6F61237AD259}.Debug|Any CPU.ActiveCfg = Debug|Any CPU
		{9FB5C5EB-BF75-4855-ACD9-6F61237AD259}.Debug|Any CPU.Build.0 = Debug|Any CPU
		{9FB5C5EB-BF75-4855-ACD9-6F61237AD259}.Debug|Mixed Platforms.ActiveCfg = Debug|Any CPU
		{9FB5C5EB-BF75-4855-ACD9-6F61237AD259}.Debug|Mixed Platforms.Build.0 = Debug|Any CPU
		{9FB5C5EB-BF75-4855-ACD9-6F61237AD259}.Debug|x86.ActiveCfg = Debug|Any CPU
		{9FB5C5EB-BF75-4855-ACD9-6F61237AD259}.kisialiou|Any CPU.ActiveCfg = Release|Any CPU
		{9FB5C5EB-BF75-4855-ACD9-6F61237AD259}.kisialiou|Any CPU.Build.0 = Release|Any CPU
		{9FB5C5EB-BF75-4855-ACD9-6F61237AD259}.kisialiou|Mixed Platforms.ActiveCfg = Release|Any CPU
		{9FB5C5EB-BF75-4855-ACD9-6F61237AD259}.kisialiou|Mixed Platforms.Build.0 = Release|Any CPU
		{9FB5C5EB-BF75-4855-ACD9-6F61237AD259}.kisialiou|x86.ActiveCfg = Release|Any CPU
		{9FB5C5EB-BF75-4855-ACD9-6F61237AD259}.release|Any CPU.ActiveCfg = Release|Any CPU
		{9FB5C5EB-BF75-4855-ACD9-6F61237AD259}.release|Any CPU.Build.0 = Release|Any CPU
		{9FB5C5EB-BF75-4855-ACD9-6F61237AD259}.release|Mixed Platforms.ActiveCfg = Release|Any CPU
		{9FB5C5EB-BF75-4855-ACD9-6F61237AD259}.release|Mixed Platforms.Build.0 = Release|Any CPU
		{9FB5C5EB-BF75-4855-ACD9-6F61237AD259}.release|x86.ActiveCfg = Release|Any CPU
	EndGlobalSection
	GlobalSection(SolutionProperties) = preSolution
		HideSolutionNode = FALSE
	EndGlobalSection
	GlobalSection(NestedProjects) = preSolution
		{7604AAC2-E03C-4560-8398-1EF45F8C0217} = {BA2E69E8-9F77-47AA-94D3-95A012705AA5}
		{BA2E69E8-9F77-47AA-94D3-95A012705AA5} = {3BEFAABE-DE38-4F1D-A08D-9BFFE4B00080}
		{005E0051-91A1-420F-89EA-AF13B2EED285} = {3BEFAABE-DE38-4F1D-A08D-9BFFE4B00080}
		{416F2852-B2D0-4CB2-B49F-133B5E36E684} = {524843DA-FFA1-412C-A5B8-B106D0B2F017}
		{E6929347-361D-4C9C-8AEA-2D0EC2A3140A} = {BA2E69E8-9F77-47AA-94D3-95A012705AA5}
		{E1742D79-0A7B-47A1-B095-D77B4A008EE4} = {3DB8037B-A62E-4872-8391-F85A9633E587}
		{186C762D-20FD-40E0-ABA9-2F24D424ECD8} = {3DB8037B-A62E-4872-8391-F85A9633E587}
		{FF88BFF3-5448-49C0-880F-1EAFF1CF67DE} = {995DD9D4-3B1E-4342-8F8E-1A9D838CFFD9}
		{D2F11401-B187-4511-8BFF-3C40C8161C39} = {524843DA-FFA1-412C-A5B8-B106D0B2F017}
		{7672A791-9868-4370-B43C-46EAF498EC2A} = {DE041629-C8CC-43CC-B994-8403C88B23A1}
		{995DD9D4-3B1E-4342-8F8E-1A9D838CFFD9} = {005E0051-91A1-420F-89EA-AF13B2EED285}
		{524843DA-FFA1-412C-A5B8-B106D0B2F017} = {005E0051-91A1-420F-89EA-AF13B2EED285}
		{DE041629-C8CC-43CC-B994-8403C88B23A1} = {005E0051-91A1-420F-89EA-AF13B2EED285}
		{498A293C-11BC-407D-9E3D-A59BE786B887} = {DE041629-C8CC-43CC-B994-8403C88B23A1}
		{819C4C03-0751-4904-BFCE-4EDB431E4E41} = {3DB8037B-A62E-4872-8391-F85A9633E587}
		{693F4D2D-F00C-4A9E-A3D3-1CA36F0A4FF9} = {995DD9D4-3B1E-4342-8F8E-1A9D838CFFD9}
		{899A31C3-7F76-4F30-A253-88162BCA25FE} = {995DD9D4-3B1E-4342-8F8E-1A9D838CFFD9}
		{BFD7921F-A80A-407D-BBF7-F8909D5256AF} = {995DD9D4-3B1E-4342-8F8E-1A9D838CFFD9}
		{770BD9F0-FEA9-498C-B3AB-2CAD05117A7F} = {3BEFAABE-DE38-4F1D-A08D-9BFFE4B00080}
		{A4B3FE63-5F4F-4422-A034-8FC2704B6A53} = {770BD9F0-FEA9-498C-B3AB-2CAD05117A7F}
		{6CF21DD2-10FC-464E-BA43-3BBAFD7E987E} = {770BD9F0-FEA9-498C-B3AB-2CAD05117A7F}
		{03BB2B46-0A36-4A3B-94E7-63B7FF2910C6} = {770BD9F0-FEA9-498C-B3AB-2CAD05117A7F}
		{A6F4397E-1C16-4CFA-B089-B054FF6285ED} = {770BD9F0-FEA9-498C-B3AB-2CAD05117A7F}
		{E2298FEF-7F5C-4658-8CEE-521D93BCA926} = {3BEFAABE-DE38-4F1D-A08D-9BFFE4B00080}
		{D3000924-6685-44F3-AA83-942ED5339652} = {E2298FEF-7F5C-4658-8CEE-521D93BCA926}
		{F706A097-2C92-472E-A7EC-7D4323588C5F} = {E2298FEF-7F5C-4658-8CEE-521D93BCA926}
		{570FDECB-1DCC-4986-9034-2CE2B67162C0} = {E2298FEF-7F5C-4658-8CEE-521D93BCA926}
		{30064507-3B41-4E0D-99A0-C559476607F2} = {E2298FEF-7F5C-4658-8CEE-521D93BCA926}
		{27BFCE95-A038-4D28-B1F6-CCFE953559E1} = {E2298FEF-7F5C-4658-8CEE-521D93BCA926}
		{7F396DDA-397F-458A-871A-CAE4DCC04B40} = {DE041629-C8CC-43CC-B994-8403C88B23A1}
		{92FF7ACE-C287-4CC5-9A5F-03F3060AEBBC} = {D5E14C95-A743-41B5-9171-10108349ECD6}
		{367380D8-4DCA-42AC-9857-B2C55A48B5AB} = {D5E14C95-A743-41B5-9171-10108349ECD6}
		{EBA8259E-730C-419A-8CA9-BE846A379F42} = {3DB8037B-A62E-4872-8391-F85A9633E587}
		{E55E7AC1-709E-4FB2-A066-6DF3E3A1DABB} = {DE041629-C8CC-43CC-B994-8403C88B23A1}
		{CFD899ED-1DD6-410D-A78A-18E92FE7825C} = {3DB8037B-A62E-4872-8391-F85A9633E587}
		{44D77A1D-FE24-4560-A6A8-127B2B1FDE37} = {3BEFAABE-DE38-4F1D-A08D-9BFFE4B00080}
		{9FB5C5EB-BF75-4855-ACD9-6F61237AD259} = {44D77A1D-FE24-4560-A6A8-127B2B1FDE37}
	EndGlobalSection
EndGlobal
